<?xml version="1.0" encoding="utf-8"?>
<Project ToolsVersion="4.0" xmlns="http://schemas.microsoft.com/developer/msbuild/2003">
  <ItemGroup>
    <Filter Include="steam">
      <UniqueIdentifier>{c580ba39-ed60-40fa-9426-a10d080a554d}</UniqueIdentifier>
    </Filter>
  </ItemGroup>
  <ItemGroup>
    <ClInclude Include="$(MSBuildThisFileDirectory)..\..\..\GNS\include\steam\isteamnetworkingsockets.h">
      <Filter>steam</Filter>
    </ClInclude>
    <ClInclude Include="$(MSBuildThisFileDirectory)..\..\..\GNS\include\steam\isteamnetworkingutils.h">
      <Filter>steam</Filter>
    </ClInclude>
    <ClInclude Include="$(MSBuildThisFileDirectory)..\..\..\GNS\include\steam\steam_api_common.h">
      <Filter>steam</Filter>
    </ClInclude>
    <ClInclude Include="$(MSBuildThisFileDirectory)..\..\..\GNS\include\steam\steamclientpublic.h">
      <Filter>steam</Filter>
    </ClInclude>
    <ClInclude Include="$(MSBuildThisFileDirectory)..\..\..\GNS\include\steam\steamnetworkingcustomsignaling.h">
      <Filter>steam</Filter>
    </ClInclude>
    <ClInclude Include="$(MSBuildThisFileDirectory)..\..\..\GNS\include\steam\steamnetworkingsockets.h">
      <Filter>steam</Filter>
    </ClInclude>
    <ClInclude Include="$(MSBuildThisFileDirectory)..\..\..\GNS\include\steam\steamnetworkingsockets_flat.h">
      <Filter>steam</Filter>
    </ClInclude>
    <ClInclude Include="$(MSBuildThisFileDirectory)..\..\..\GNS\include\steam\steamnetworkingtypes.h">
      <Filter>steam</Filter>
    </ClInclude>
    <ClInclude Include="$(MSBuildThisFileDirectory)..\..\..\GNS\include\steam\steamtypes.h">
      <Filter>steam</Filter>
    </ClInclude>
    <ClInclude Include="$(MSBuildThisFileDirectory)..\..\..\GNS\include\steam\steamuniverse.h">
      <Filter>steam</Filter>
    </ClInclude>
    <ClInclude Include="$(MSBuildThisFileDirectory)..\..\..\GNS\include\steam\isteamnetworkingmessages.h">
      <Filter>steam</Filter>
    </ClInclude>
  </ItemGroup>
</Project>