<?xml version="1.0" encoding="utf-8"?>
<Project ToolsVersion="4.0" xmlns="http://schemas.microsoft.com/developer/msbuild/2003">
  <ItemGroup>
    <ClInclude Include="$(MSBuildThisFileDirectory)include\asset\Settings.hpp">
      <Filter>asset</Filter>
    </ClInclude>
    <ClInclude Include="$(MSBuildThisFileDirectory)include\commandlet\Commandlet.hpp">
      <Filter>commandlet</Filter>
    </ClInclude>
    <ClInclude Include="$(MSBuildThisFileDirectory)include\commandlet\CommandletBuildAssets.hpp">
      <Filter>commandlet</Filter>
    </ClInclude>
    <ClInclude Include="$(MSBuildThisFileDirectory)include\graphics\ImGuiFrame.hpp">
      <Filter>graphics</Filter>
    </ClInclude>
    <ClInclude Include="$(MSBuildThisFileDirectory)include\graphics\ImGuiRenderer.hpp">
      <Filter>graphics</Filter>
    </ClInclude>
    <ClInclude Include="$(MSBuildThisFileDirectory)include\gui\AssetBrowser.hpp">
      <Filter>gui</Filter>
    </ClInclude>
    <ClInclude Include="$(MSBuildThisFileDirectory)include\gui\IGui.hpp">
      <Filter>gui</Filter>
    </ClInclude>
    <ClInclude Include="$(MSBuildThisFileDirectory)include\gui\Log.hpp">
      <Filter>gui</Filter>
    </ClInclude>
    <ClInclude Include="$(MSBuildThisFileDirectory)include\gui\MainDockspace.hpp">
      <Filter>gui</Filter>
    </ClInclude>
    <ClInclude Include="$(MSBuildThisFileDirectory)include\gui\TextEditor.h">
      <Filter>gui</Filter>
    </ClInclude>
    <ClInclude Include="$(MSBuildThisFileDirectory)include\gui\widget\Combo.hpp">
      <Filter>gui\widget</Filter>
    </ClInclude>
    <ClInclude Include="$(MSBuildThisFileDirectory)include\gui\widget\FieldAsset.hpp">
      <Filter>gui\widget</Filter>
    </ClInclude>
    <ClInclude Include="$(MSBuildThisFileDirectory)include\gui\widget\FieldNumber.hpp">
      <Filter>gui\widget</Filter>
    </ClInclude>
    <ClInclude Include="$(MSBuildThisFileDirectory)include\gui\widget\FieldText.hpp">
      <Filter>gui\widget</Filter>
    </ClInclude>
    <ClInclude Include="$(MSBuildThisFileDirectory)include\gui\widget\List.hpp">
      <Filter>gui\widget</Filter>
    </ClInclude>
    <ClInclude Include="$(MSBuildThisFileDirectory)include\gui\widget\Optional.hpp">
      <Filter>gui\widget</Filter>
    </ClInclude>
    <ClInclude Include="$(MSBuildThisFileDirectory)include\gui\modal\Modal.hpp">
      <Filter>gui\modal</Filter>
    </ClInclude>
    <ClInclude Include="$(MSBuildThisFileDirectory)include\gui\modal\NewAsset.hpp">
      <Filter>gui\modal</Filter>
    </ClInclude>
    <ClInclude Include="$(MSBuildThisFileDirectory)include\gui\modal\OpenAsset.hpp">
      <Filter>gui\modal</Filter>
    </ClInclude>
    <ClInclude Include="$(MSBuildThisFileDirectory)include\gui\modal\PathModal.hpp">
      <Filter>gui\modal</Filter>
    </ClInclude>
    <ClInclude Include="$(MSBuildThisFileDirectory)include\gui\asset\AssetEditor.hpp">
      <Filter>gui\asset</Filter>
    </ClInclude>
    <ClInclude Include="$(MSBuildThisFileDirectory)include\gui\asset\EditorProject.hpp">
      <Filter>gui\asset</Filter>
    </ClInclude>
    <ClInclude Include="$(MSBuildThisFileDirectory)include\gui\asset\EditorSettings.hpp">
      <Filter>gui\asset</Filter>
    </ClInclude>
    <ClInclude Include="$(MSBuildThisFileDirectory)include\gui\asset\EditorShader.hpp">
      <Filter>gui\asset</Filter>
    </ClInclude>
    <ClInclude Include="$(MSBuildThisFileDirectory)include\Editor.hpp" />
    <ClInclude Include="$(MSBuildThisFileDirectory)include\build\asset\BuildAsset.hpp">
      <Filter>build\asset</Filter>
    </ClInclude>
    <ClInclude Include="$(MSBuildThisFileDirectory)include\build\asset\BuildShader.hpp">
      <Filter>build\asset</Filter>
    </ClInclude>
    <ClInclude Include="$(MSBuildThisFileDirectory)include\build\BuildThread.hpp">
      <Filter>build</Filter>
    </ClInclude>
    <ClInclude Include="$(MSBuildThisFileDirectory)include\gui\asset\EditorTextureSampler.hpp">
      <Filter>gui\asset</Filter>
    </ClInclude>
    <ClInclude Include="$(MSBuildThisFileDirectory)source\build\IBuilder.hpp">
      <Filter>build</Filter>
    </ClInclude>
    <ClInclude Include="$(MSBuildThisFileDirectory)include\build\asset\BuildTexture.hpp">
      <Filter>build\asset</Filter>
    </ClInclude>
    <ClInclude Include="$(MSBuildThisFileDirectory)include\gui\asset\EditorTexture.hpp">
      <Filter>gui\asset</Filter>
    </ClInclude>
    <ClInclude Include="$(MSBuildThisFileDirectory)include\build\asset\BuildFont.hpp">
      <Filter>build\asset</Filter>
    </ClInclude>
    <ClInclude Include="$(MSBuildThisFileDirectory)include\gui\modal\ModalFilePicker.hpp" />
    <ClInclude Include="$(MSBuildThisFileDirectory)include\gui\widget\filesystem.hpp" />
    <ClInclude Include="$(MSBuildThisFileDirectory)include\gui\asset\EditorRenderPass.hpp">
      <Filter>gui\asset</Filter>
    </ClInclude>
    <ClInclude Include="$(MSBuildThisFileDirectory)include\gui\asset\EditorPipeline.hpp">
      <Filter>gui\asset</Filter>
    </ClInclude>
    <ClInclude Include="$(MSBuildThisFileDirectory)include\property\Collection.hpp">
      <Filter>property</Filter>
    </ClInclude>
    <ClInclude Include="$(MSBuildThisFileDirectory)include\property\Primitive.hpp">
      <Filter>property</Filter>
    </ClInclude>
    <ClInclude Include="$(MSBuildThisFileDirectory)include\property\Base.hpp">
      <Filter>property</Filter>
    </ClInclude>
    <ClInclude Include="$(MSBuildThisFileDirectory)include\property\Number.hpp">
      <Filter>property</Filter>
    </ClInclude>
    <ClInclude Include="$(MSBuildThisFileDirectory)include\property\Property.hpp">
      <Filter>property</Filter>
    </ClInclude>
    <ClInclude Include="$(MSBuildThisFileDirectory)include\property\Graphics.hpp">
      <Filter>property</Filter>
    </ClInclude>
    <ClInclude Include="$(MSBuildThisFileDirectory)include\property\Utility.hpp">
      <Filter>property</Filter>
    </ClInclude>
    <ClInclude Include="$(MSBuildThisFileDirectory)include\property\Asset.hpp">
      <Filter>property</Filter>
    </ClInclude>
    <ClInclude Include="$(MSBuildThisFileDirectory)include\property\asset\PropertyGraphicsAsset.hpp" />
    <ClInclude Include="$(MSBuildThisFileDirectory)include\property\PropertyVector.hpp" />
    <ClInclude Include="$(MSBuildThisFileDirectory)include\gui\AssetReferenceViewer.hpp">
      <Filter>gui</Filter>
    </ClInclude>
  </ItemGroup>
  <ItemGroup>
    <Filter Include="asset">
      <UniqueIdentifier>{4a6c21fc-3cb7-4183-b74d-c34dcc181a66}</UniqueIdentifier>
    </Filter>
    <Filter Include="commandlet">
      <UniqueIdentifier>{c3733bd6-12f7-4c14-a874-d80a4d6b2563}</UniqueIdentifier>
    </Filter>
    <Filter Include="graphics">
      <UniqueIdentifier>{220ed55f-0f83-4b51-bcc3-a1caf53de330}</UniqueIdentifier>
    </Filter>
    <Filter Include="gui">
      <UniqueIdentifier>{58c18baf-4287-48cb-8c45-763782cda3b1}</UniqueIdentifier>
    </Filter>
    <Filter Include="gui\asset">
      <UniqueIdentifier>{6162a9b7-676f-45a0-8c3a-6f06800adc71}</UniqueIdentifier>
    </Filter>
    <Filter Include="gui\modal">
      <UniqueIdentifier>{5d68f608-701a-4af1-b390-1f286e3ff1b7}</UniqueIdentifier>
    </Filter>
    <Filter Include="gui\widget">
      <UniqueIdentifier>{918175cf-7c23-4cd3-9394-7cdbbde60a2e}</UniqueIdentifier>
    </Filter>
    <Filter Include="build">
      <UniqueIdentifier>{17ac035b-2da3-4724-a413-5e43f8424cf2}</UniqueIdentifier>
    </Filter>
    <Filter Include="build\asset">
      <UniqueIdentifier>{37dc1dbf-27f2-46ad-aabb-356f8af20a94}</UniqueIdentifier>
    </Filter>
    <Filter Include="property">
      <UniqueIdentifier>{6a2e8d15-b84f-4fb0-a5d3-77241831ab66}</UniqueIdentifier>
    </Filter>
    <Filter Include="property\asset">
      <UniqueIdentifier>{8da4a426-3ee1-4194-83f6-431d4ad509ae}</UniqueIdentifier>
    </Filter>
  </ItemGroup>
  <ItemGroup>
    <ClCompile Include="$(MSBuildThisFileDirectory)source\asset\Settings.cpp">
      <Filter>asset</Filter>
    </ClCompile>
    <ClCompile Include="$(MSBuildThisFileDirectory)source\commandlet\CommandletBuildAssets.cpp">
      <Filter>commandlet</Filter>
    </ClCompile>
    <ClCompile Include="$(MSBuildThisFileDirectory)source\graphics\ImGuiFrame.cpp">
      <Filter>graphics</Filter>
    </ClCompile>
    <ClCompile Include="$(MSBuildThisFileDirectory)source\graphics\ImGuiRenderer.cpp">
      <Filter>graphics</Filter>
    </ClCompile>
    <ClCompile Include="$(MSBuildThisFileDirectory)source\gui\AssetBrowser.cpp">
      <Filter>gui</Filter>
    </ClCompile>
    <ClCompile Include="$(MSBuildThisFileDirectory)source\gui\IGui.cpp">
      <Filter>gui</Filter>
    </ClCompile>
    <ClCompile Include="$(MSBuildThisFileDirectory)source\gui\Log.cpp">
      <Filter>gui</Filter>
    </ClCompile>
    <ClCompile Include="$(MSBuildThisFileDirectory)source\gui\MainDockspace.cpp">
      <Filter>gui</Filter>
    </ClCompile>
    <ClCompile Include="$(MSBuildThisFileDirectory)source\gui\TextEditor.cpp">
      <Filter>gui</Filter>
    </ClCompile>
    <ClCompile Include="$(MSBuildThisFileDirectory)source\gui\widget\FieldAsset.cpp">
      <Filter>gui\widget</Filter>
    </ClCompile>
    <ClCompile Include="$(MSBuildThisFileDirectory)source\gui\modal\Modal.cpp">
      <Filter>gui\modal</Filter>
    </ClCompile>
    <ClCompile Include="$(MSBuildThisFileDirectory)source\gui\modal\NewAsset.cpp">
      <Filter>gui\modal</Filter>
    </ClCompile>
    <ClCompile Include="$(MSBuildThisFileDirectory)source\gui\modal\OpenAsset.cpp">
      <Filter>gui\modal</Filter>
    </ClCompile>
    <ClCompile Include="$(MSBuildThisFileDirectory)source\gui\modal\PathModal.cpp">
      <Filter>gui\modal</Filter>
    </ClCompile>
    <ClCompile Include="$(MSBuildThisFileDirectory)source\gui\asset\AssetEditor.cpp">
      <Filter>gui\asset</Filter>
    </ClCompile>
    <ClCompile Include="$(MSBuildThisFileDirectory)source\gui\asset\EditorProject.cpp">
      <Filter>gui\asset</Filter>
    </ClCompile>
    <ClCompile Include="$(MSBuildThisFileDirectory)source\gui\asset\EditorSettings.cpp">
      <Filter>gui\asset</Filter>
    </ClCompile>
    <ClCompile Include="$(MSBuildThisFileDirectory)source\gui\asset\EditorShader.cpp">
      <Filter>gui\asset</Filter>
    </ClCompile>
    <ClCompile Include="$(MSBuildThisFileDirectory)source\Editor.cpp" />
    <ClCompile Include="$(MSBuildThisFileDirectory)source\build\asset\BuildAsset.cpp">
      <Filter>build\asset</Filter>
    </ClCompile>
    <ClCompile Include="$(MSBuildThisFileDirectory)source\build\asset\BuildShader.cpp">
      <Filter>build\asset</Filter>
    </ClCompile>
    <ClCompile Include="$(MSBuildThisFileDirectory)source\build\BuildThread.cpp">
      <Filter>build</Filter>
    </ClCompile>
    <ClCompile Include="$(MSBuildThisFileDirectory)source\gui\asset\EditorTextureSampler.cpp">
      <Filter>gui\asset</Filter>
    </ClCompile>
    <ClCompile Include="$(MSBuildThisFileDirectory)source\build\asset\BuildFont.cpp">
      <Filter>build\asset</Filter>
    </ClCompile>
    <ClCompile Include="$(MSBuildThisFileDirectory)source\build\asset\BuildTexture.cpp">
      <Filter>build\asset</Filter>
    </ClCompile>
    <ClCompile Include="$(MSBuildThisFileDirectory)source\gui\asset\EditorTexture.cpp">
      <Filter>gui\asset</Filter>
    </ClCompile>
    <ClCompile Include="$(MSBuildThisFileDirectory)source\gui\modal\ModalFilePicker.cpp" />
    <ClCompile Include="$(MSBuildThisFileDirectory)source\gui\widget\filesystem.cpp" />
    <ClCompile Include="$(MSBuildThisFileDirectory)source\gui\asset\EditorPipeline.cpp">
      <Filter>gui\asset</Filter>
    </ClCompile>
    <ClCompile Include="$(MSBuildThisFileDirectory)source\gui\asset\EditorRenderPass.cpp">
      <Filter>gui\asset</Filter>
    </ClCompile>
    <ClCompile Include="$(MSBuildThisFileDirectory)source\property\Collection.cpp">
      <Filter>property</Filter>
    </ClCompile>
    <ClCompile Include="$(MSBuildThisFileDirectory)source\property\Number.cpp">
      <Filter>property</Filter>
    </ClCompile>
    <ClCompile Include="$(MSBuildThisFileDirectory)source\property\Primitive.cpp">
      <Filter>property</Filter>
    </ClCompile>
    <ClCompile Include="$(MSBuildThisFileDirectory)source\property\Base.cpp">
      <Filter>property</Filter>
    </ClCompile>
    <ClCompile Include="$(MSBuildThisFileDirectory)source\property\Graphics.cpp">
      <Filter>property</Filter>
    </ClCompile>
    <ClCompile Include="$(MSBuildThisFileDirectory)source\property\Utility.cpp">
      <Filter>property</Filter>
    </ClCompile>
    <ClCompile Include="$(MSBuildThisFileDirectory)source\property\asset\PropertyGraphicsAsset.cpp" />
    <ClCompile Include="$(MSBuildThisFileDirectory)source\property\PropertyVector.cpp" />
    <ClCompile Include="$(MSBuildThisFileDirectory)source\gui\AssetReferenceViewer.cpp">
      <Filter>gui</Filter>
    </ClCompile>
  </ItemGroup>
</Project>