
Microsoft Visual Studio Solution File, Format Version 12.00
# Visual Studio 15
VisualStudioVersion = 15.0.27703.2018
MinimumVisualStudioVersion = 10.0.40219.1
Project("{8BC9CEB8-8B4A-11D0-8D11-00A0C91BC942}") = "TemportalEngine", "TemportalEngine\TemportalEngine.vcxproj", "{6ADA9583-3474-44E7-B31C-AD0880763338}"
EndProject
Project("{8BC9CEB8-8B4A-11D0-8D11-00A0C91BC942}") = "DemoGame", "DemoGame\DemoGame.vcxproj", "{564A4C23-CFA2-4E97-8DA0-B3AA9357E473}"
	ProjectSection(ProjectDependencies) = postProject
		{6ADA9583-3474-44E7-B31C-AD0880763338} = {6ADA9583-3474-44E7-B31C-AD0880763338}
	EndProjectSection
EndProject
Global
	GlobalSection(SolutionConfigurationPlatforms) = preSolution
		Debug|x64 = Debug|x64
		Debug|x86 = Debug|x86
		Release|x64 = Release|x64
		Release|x86 = Release|x86
	EndGlobalSection
	GlobalSection(ProjectConfigurationPlatforms) = postSolution
		{6ADA9583-3474-44E7-B31C-AD0880763338}.Debug|x64.ActiveCfg = Debug|x64
		{6ADA9583-3474-44E7-B31C-AD0880763338}.Debug|x64.Build.0 = Debug|x64
		{6ADA9583-3474-44E7-B31C-AD0880763338}.Debug|x86.ActiveCfg = Debug|Win32
		{6ADA9583-3474-44E7-B31C-AD0880763338}.Debug|x86.Build.0 = Debug|Win32
		{6ADA9583-3474-44E7-B31C-AD0880763338}.Release|x64.ActiveCfg = Release|x64
		{6ADA9583-3474-44E7-B31C-AD0880763338}.Release|x64.Build.0 = Release|x64
		{6ADA9583-3474-44E7-B31C-AD0880763338}.Release|x86.ActiveCfg = Release|Win32
		{6ADA9583-3474-44E7-B31C-AD0880763338}.Release|x86.Build.0 = Release|Win32
		{564A4C23-CFA2-4E97-8DA0-B3AA9357E473}.Debug|x64.ActiveCfg = Debug|x64
		{564A4C23-CFA2-4E97-8DA0-B3AA9357E473}.Debug|x64.Build.0 = Debug|x64
		{564A4C23-CFA2-4E97-8DA0-B3AA9357E473}.Debug|x86.ActiveCfg = Debug|Win32
		{564A4C23-CFA2-4E97-8DA0-B3AA9357E473}.Debug|x86.Build.0 = Debug|Win32
		{564A4C23-CFA2-4E97-8DA0-B3AA9357E473}.Release|x64.ActiveCfg = Release|x64
		{564A4C23-CFA2-4E97-8DA0-B3AA9357E473}.Release|x64.Build.0 = Release|x64
		{564A4C23-CFA2-4E97-8DA0-B3AA9357E473}.Release|x86.ActiveCfg = Release|Win32
		{564A4C23-CFA2-4E97-8DA0-B3AA9357E473}.Release|x86.Build.0 = Release|Win32
	EndGlobalSection
	GlobalSection(SolutionProperties) = preSolution
		HideSolutionNode = FALSE
	EndGlobalSection
	GlobalSection(ExtensibilityGlobals) = postSolution
		SolutionGuid = {33095EDE-DEBA-4F85-8388-2A5B94CB2FF2}
	EndGlobalSection
EndGlobal
