
Microsoft Visual Studio Solution File, Format Version 12.00
# Visual Studio 15
VisualStudioVersion = 15.0.28307.645
MinimumVisualStudioVersion = 10.0.40219.1
Project("{2150E333-8FDC-42A3-9474-1A3956D46DE8}") = "Minecraft", "Minecraft", "{E4CD3244-0C3C-4397-9E6D-570CFE1D5641}"
EndProject
Project("{2150E333-8FDC-42A3-9474-1A3956D46DE8}") = "Libraries", "Libraries", "{A5434285-BC95-4F21-9E00-A96FD6FBD01E}"
EndProject
Project("{8BC9CEB8-8B4A-11D0-8D11-00A0C91BC942}") = "MinecraftEditor", "Minecraft\MinecraftEditor\MinecraftEditor.vcxproj", "{3AD6343C-1563-4DE2-B16D-20031AE18E2B}"
	ProjectSection(ProjectDependencies) = postProject
		{ABDE6299-5814-4811-91D4-5908CE699B57} = {ABDE6299-5814-4811-91D4-5908CE699B57}
	EndProjectSection
EndProject
Project("{2150E333-8FDC-42A3-9474-1A3956D46DE8}") = "Engine", "Engine", "{9D824023-3AAC-4BFD-BF12-39159BFAB682}"
EndProject
Project("{2150E333-8FDC-42A3-9474-1A3956D46DE8}") = "Editor", "Editor", "{A7341B2C-44E0-46EE-BACA-732C086CE887}"
EndProject
Project("{2150E333-8FDC-42A3-9474-1A3956D46DE8}") = "Core", "Core", "{2CF7A668-0FE9-4EAC-8CD0-61065B18A19B}"
EndProject
Project("{8BC9CEB8-8B4A-11D0-8D11-00A0C91BC942}") = "MinecraftCore", "Minecraft\MinecraftCore\MinecraftCore.vcxitems", "{D899098E-BBAD-4B50-BC5C-CE68AF938FE3}"
EndProject
Project("{8BC9CEB8-8B4A-11D0-8D11-00A0C91BC942}") = "TemportalEngine", "Core\TemportalEngine\TemportalEngine.vcxitems", "{4EE09EDD-0BB4-4D4D-9777-55A748CC77FE}"
EndProject
Project("{8BC9CEB8-8B4A-11D0-8D11-00A0C91BC942}") = "TemportalEngineEditor", "Core\TemportalEngineEditor\TemportalEngineEditor.vcxitems", "{A48E2E14-7909-4A4E-9A1B-D6231FE8CFC2}"
EndProject
Project("{8BC9CEB8-8B4A-11D0-8D11-00A0C91BC942}") = "cereal", "Core\TemportalEngine\libs\cereal.vcxitems", "{2AB47AA3-AB49-45C6-9969-D08FE23F6AB8}"
EndProject
Project("{8BC9CEB8-8B4A-11D0-8D11-00A0C91BC942}") = "Optick", "Core\TemportalEngine\libs\Optick.vcxitems", "{ECEB4E74-7AC7-4536-8EE3-10DAEE16B038}"
EndProject
Project("{8BC9CEB8-8B4A-11D0-8D11-00A0C91BC942}") = "vulkan", "Core\TemportalEngine\libs\vulkan.vcxitems", "{E30D2C09-C680-4CBC-AB6D-126ACF07ECB3}"
EndProject
Project("{8BC9CEB8-8B4A-11D0-8D11-00A0C91BC942}") = "VulkanMemoryAllocator", "Core\TemportalEngine\libs\VulkanMemoryAllocator.vcxitems", "{235E2E0C-656D-4DB7-A39D-D69FA8862561}"
EndProject
Project("{8BC9CEB8-8B4A-11D0-8D11-00A0C91BC942}") = "imgui", "Core\TemportalEngineEditor\libs\imgui.vcxitems", "{73B768D0-A7F2-46D0-8097-539BB96C7305}"
EndProject
Project("{2150E333-8FDC-42A3-9474-1A3956D46DE8}") = "Modules", "Modules", "{2ED92AFB-7F78-4C1E-9EB3-75A2186BC063}"
EndProject
Project("{8BC9CEB8-8B4A-11D0-8D11-00A0C91BC942}") = "Test", "Modules\Test\Test.vcxproj", "{62E31BE0-42A6-4153-A810-79B93887FC52}"
	ProjectSection(ProjectDependencies) = postProject
		{3AD6343C-1563-4DE2-B16D-20031AE18E2B} = {3AD6343C-1563-4DE2-B16D-20031AE18E2B}
		{ABDE6299-5814-4811-91D4-5908CE699B57} = {ABDE6299-5814-4811-91D4-5908CE699B57}
	EndProjectSection
EndProject
Project("{8BC9CEB8-8B4A-11D0-8D11-00A0C91BC942}") = "MinecraftGame", "Minecraft\MinecraftGame\MinecraftGame.vcxproj", "{ABDE6299-5814-4811-91D4-5908CE699B57}"
EndProject
Project("{8BC9CEB8-8B4A-11D0-8D11-00A0C91BC942}") = "imgui-node-editor", "Core\TemportalEngineEditor\libs\imgui-node-editor.vcxitems", "{24262546-1F6E-469C-9A57-DA74363A7C3F}"
EndProject
Project("{8BC9CEB8-8B4A-11D0-8D11-00A0C91BC942}") = "GameNetworkingSockets", "Core\TemportalEngine\libs\GameNetworkingSockets.vcxitems", "{104FD30C-BCDA-4ABC-A14C-1627AA0E3894}"
EndProject
Global
	GlobalSection(SharedMSBuildProjectFiles) = preSolution
		Core\TemportalEngine\libs\GameNetworkingSockets.vcxitems*{104fd30c-bcda-4abc-a14c-1627aa0e3894}*SharedItemsImports = 9
		Core\TemportalEngine\libs\VulkanMemoryAllocator.vcxitems*{235e2e0c-656d-4db7-a39d-d69fa8862561}*SharedItemsImports = 9
		Core\TemportalEngineEditor\libs\imgui-node-editor.vcxitems*{24262546-1f6e-469c-9a57-da74363a7c3f}*SharedItemsImports = 9
		Core\TemportalEngine\libs\cereal.vcxitems*{2ab47aa3-ab49-45c6-9969-d08fe23f6ab8}*SharedItemsImports = 9
		Core\TemportalEngineEditor\libs\imgui-node-editor.vcxitems*{3ad6343c-1563-4de2-b16d-20031ae18e2b}*SharedItemsImports = 4
		Core\TemportalEngineEditor\libs\imgui.vcxitems*{3ad6343c-1563-4de2-b16d-20031ae18e2b}*SharedItemsImports = 4
		Core\TemportalEngineEditor\TemportalEngineEditor.vcxitems*{3ad6343c-1563-4de2-b16d-20031ae18e2b}*SharedItemsImports = 4
		Core\TemportalEngine\libs\cereal.vcxitems*{3ad6343c-1563-4de2-b16d-20031ae18e2b}*SharedItemsImports = 4
		Core\TemportalEngine\libs\Optick.vcxitems*{3ad6343c-1563-4de2-b16d-20031ae18e2b}*SharedItemsImports = 4
		Core\TemportalEngine\libs\vulkan.vcxitems*{3ad6343c-1563-4de2-b16d-20031ae18e2b}*SharedItemsImports = 4
		Core\TemportalEngine\libs\VulkanMemoryAllocator.vcxitems*{3ad6343c-1563-4de2-b16d-20031ae18e2b}*SharedItemsImports = 4
		Core\TemportalEngine\TemportalEngine.vcxitems*{3ad6343c-1563-4de2-b16d-20031ae18e2b}*SharedItemsImports = 4
		Minecraft\MinecraftCore\MinecraftCore.vcxitems*{3ad6343c-1563-4de2-b16d-20031ae18e2b}*SharedItemsImports = 4
		Core\TemportalEngine\TemportalEngine.vcxitems*{4ee09edd-0bb4-4d4d-9777-55a748cc77fe}*SharedItemsImports = 9
		Core\TemportalEngine\libs\cereal.vcxitems*{62e31be0-42a6-4153-a810-79b93887fc52}*SharedItemsImports = 4
		Core\TemportalEngine\libs\Optick.vcxitems*{62e31be0-42a6-4153-a810-79b93887fc52}*SharedItemsImports = 4
		Core\TemportalEngine\libs\vulkan.vcxitems*{62e31be0-42a6-4153-a810-79b93887fc52}*SharedItemsImports = 4
		Core\TemportalEngine\libs\VulkanMemoryAllocator.vcxitems*{62e31be0-42a6-4153-a810-79b93887fc52}*SharedItemsImports = 4
		Core\TemportalEngine\TemportalEngine.vcxitems*{62e31be0-42a6-4153-a810-79b93887fc52}*SharedItemsImports = 4
		Minecraft\MinecraftCore\MinecraftCore.vcxitems*{62e31be0-42a6-4153-a810-79b93887fc52}*SharedItemsImports = 4
		Core\TemportalEngineEditor\libs\imgui.vcxitems*{73b768d0-a7f2-46d0-8097-539bb96c7305}*SharedItemsImports = 9
		Core\TemportalEngineEditor\TemportalEngineEditor.vcxitems*{a48e2e14-7909-4a4e-9a1b-d6231fe8cfc2}*SharedItemsImports = 9
		Core\TemportalEngine\libs\cereal.vcxitems*{abde6299-5814-4811-91d4-5908ce699b57}*SharedItemsImports = 4
		Core\TemportalEngine\libs\Optick.vcxitems*{abde6299-5814-4811-91d4-5908ce699b57}*SharedItemsImports = 4
		Core\TemportalEngine\libs\vulkan.vcxitems*{abde6299-5814-4811-91d4-5908ce699b57}*SharedItemsImports = 4
		Core\TemportalEngine\libs\VulkanMemoryAllocator.vcxitems*{abde6299-5814-4811-91d4-5908ce699b57}*SharedItemsImports = 4
		Core\TemportalEngine\TemportalEngine.vcxitems*{abde6299-5814-4811-91d4-5908ce699b57}*SharedItemsImports = 4
		Minecraft\MinecraftCore\MinecraftCore.vcxitems*{abde6299-5814-4811-91d4-5908ce699b57}*SharedItemsImports = 4
		Minecraft\MinecraftCore\MinecraftCore.vcxitems*{d899098e-bbad-4b50-bc5c-ce68af938fe3}*SharedItemsImports = 9
		Core\TemportalEngine\libs\vulkan.vcxitems*{e30d2c09-c680-4cbc-ab6d-126acf07ecb3}*SharedItemsImports = 9
		Core\TemportalEngine\libs\Optick.vcxitems*{eceb4e74-7ac7-4536-8ee3-10daee16b038}*SharedItemsImports = 9
	EndGlobalSection
	GlobalSection(SolutionConfigurationPlatforms) = preSolution
		Debug|x64 = Debug|x64
		Debug|x86 = Debug|x86
		MinSizeRel|x64 = MinSizeRel|x64
		MinSizeRel|x86 = MinSizeRel|x86
		Release|x64 = Release|x64
		Release|x86 = Release|x86
		RelWithDebInfo|x64 = RelWithDebInfo|x64
		RelWithDebInfo|x86 = RelWithDebInfo|x86
	EndGlobalSection
	GlobalSection(ProjectConfigurationPlatforms) = postSolution
		{3AD6343C-1563-4DE2-B16D-20031AE18E2B}.Debug|x64.ActiveCfg = Debug|x64
		{3AD6343C-1563-4DE2-B16D-20031AE18E2B}.Debug|x64.Build.0 = Debug|x64
		{3AD6343C-1563-4DE2-B16D-20031AE18E2B}.Debug|x86.ActiveCfg = Debug|Win32
		{3AD6343C-1563-4DE2-B16D-20031AE18E2B}.Debug|x86.Build.0 = Debug|Win32
		{3AD6343C-1563-4DE2-B16D-20031AE18E2B}.MinSizeRel|x64.ActiveCfg = Release|x64
		{3AD6343C-1563-4DE2-B16D-20031AE18E2B}.MinSizeRel|x64.Build.0 = Release|x64
		{3AD6343C-1563-4DE2-B16D-20031AE18E2B}.MinSizeRel|x86.ActiveCfg = Release|Win32
		{3AD6343C-1563-4DE2-B16D-20031AE18E2B}.MinSizeRel|x86.Build.0 = Release|Win32
		{3AD6343C-1563-4DE2-B16D-20031AE18E2B}.Release|x64.ActiveCfg = Release|x64
		{3AD6343C-1563-4DE2-B16D-20031AE18E2B}.Release|x64.Build.0 = Release|x64
		{3AD6343C-1563-4DE2-B16D-20031AE18E2B}.Release|x86.ActiveCfg = Release|Win32
		{3AD6343C-1563-4DE2-B16D-20031AE18E2B}.Release|x86.Build.0 = Release|Win32
		{3AD6343C-1563-4DE2-B16D-20031AE18E2B}.RelWithDebInfo|x64.ActiveCfg = Release|x64
		{3AD6343C-1563-4DE2-B16D-20031AE18E2B}.RelWithDebInfo|x64.Build.0 = Release|x64
		{3AD6343C-1563-4DE2-B16D-20031AE18E2B}.RelWithDebInfo|x86.ActiveCfg = Release|Win32
		{3AD6343C-1563-4DE2-B16D-20031AE18E2B}.RelWithDebInfo|x86.Build.0 = Release|Win32
		{62E31BE0-42A6-4153-A810-79B93887FC52}.Debug|x64.ActiveCfg = Debug|x64
		{62E31BE0-42A6-4153-A810-79B93887FC52}.Debug|x64.Build.0 = Debug|x64
		{62E31BE0-42A6-4153-A810-79B93887FC52}.Debug|x86.ActiveCfg = Debug|Win32
		{62E31BE0-42A6-4153-A810-79B93887FC52}.Debug|x86.Build.0 = Debug|Win32
		{62E31BE0-42A6-4153-A810-79B93887FC52}.MinSizeRel|x64.ActiveCfg = Release|x64
		{62E31BE0-42A6-4153-A810-79B93887FC52}.MinSizeRel|x64.Build.0 = Release|x64
		{62E31BE0-42A6-4153-A810-79B93887FC52}.MinSizeRel|x86.ActiveCfg = Release|Win32
		{62E31BE0-42A6-4153-A810-79B93887FC52}.MinSizeRel|x86.Build.0 = Release|Win32
		{62E31BE0-42A6-4153-A810-79B93887FC52}.Release|x64.ActiveCfg = Release|x64
		{62E31BE0-42A6-4153-A810-79B93887FC52}.Release|x64.Build.0 = Release|x64
		{62E31BE0-42A6-4153-A810-79B93887FC52}.Release|x86.ActiveCfg = Release|Win32
		{62E31BE0-42A6-4153-A810-79B93887FC52}.Release|x86.Build.0 = Release|Win32
		{62E31BE0-42A6-4153-A810-79B93887FC52}.RelWithDebInfo|x64.ActiveCfg = Release|x64
		{62E31BE0-42A6-4153-A810-79B93887FC52}.RelWithDebInfo|x64.Build.0 = Release|x64
		{62E31BE0-42A6-4153-A810-79B93887FC52}.RelWithDebInfo|x86.ActiveCfg = Release|Win32
		{62E31BE0-42A6-4153-A810-79B93887FC52}.RelWithDebInfo|x86.Build.0 = Release|Win32
		{ABDE6299-5814-4811-91D4-5908CE699B57}.Debug|x64.ActiveCfg = Debug|x64
		{ABDE6299-5814-4811-91D4-5908CE699B57}.Debug|x64.Build.0 = Debug|x64
		{ABDE6299-5814-4811-91D4-5908CE699B57}.Debug|x86.ActiveCfg = Debug|Win32
		{ABDE6299-5814-4811-91D4-5908CE699B57}.Debug|x86.Build.0 = Debug|Win32
		{ABDE6299-5814-4811-91D4-5908CE699B57}.MinSizeRel|x64.ActiveCfg = Release|x64
		{ABDE6299-5814-4811-91D4-5908CE699B57}.MinSizeRel|x64.Build.0 = Release|x64
		{ABDE6299-5814-4811-91D4-5908CE699B57}.MinSizeRel|x86.ActiveCfg = Release|Win32
		{ABDE6299-5814-4811-91D4-5908CE699B57}.MinSizeRel|x86.Build.0 = Release|Win32
		{ABDE6299-5814-4811-91D4-5908CE699B57}.Release|x64.ActiveCfg = Release|x64
		{ABDE6299-5814-4811-91D4-5908CE699B57}.Release|x64.Build.0 = Release|x64
		{ABDE6299-5814-4811-91D4-5908CE699B57}.Release|x86.ActiveCfg = Release|Win32
		{ABDE6299-5814-4811-91D4-5908CE699B57}.Release|x86.Build.0 = Release|Win32
		{ABDE6299-5814-4811-91D4-5908CE699B57}.RelWithDebInfo|x64.ActiveCfg = Release|x64
		{ABDE6299-5814-4811-91D4-5908CE699B57}.RelWithDebInfo|x64.Build.0 = Release|x64
		{ABDE6299-5814-4811-91D4-5908CE699B57}.RelWithDebInfo|x86.ActiveCfg = Release|Win32
		{ABDE6299-5814-4811-91D4-5908CE699B57}.RelWithDebInfo|x86.Build.0 = Release|Win32
	EndGlobalSection
	GlobalSection(SolutionProperties) = preSolution
		HideSolutionNode = FALSE
	EndGlobalSection
	GlobalSection(NestedProjects) = preSolution
		{3AD6343C-1563-4DE2-B16D-20031AE18E2B} = {E4CD3244-0C3C-4397-9E6D-570CFE1D5641}
		{9D824023-3AAC-4BFD-BF12-39159BFAB682} = {A5434285-BC95-4F21-9E00-A96FD6FBD01E}
		{A7341B2C-44E0-46EE-BACA-732C086CE887} = {A5434285-BC95-4F21-9E00-A96FD6FBD01E}
		{D899098E-BBAD-4B50-BC5C-CE68AF938FE3} = {E4CD3244-0C3C-4397-9E6D-570CFE1D5641}
		{4EE09EDD-0BB4-4D4D-9777-55A748CC77FE} = {2CF7A668-0FE9-4EAC-8CD0-61065B18A19B}
		{A48E2E14-7909-4A4E-9A1B-D6231FE8CFC2} = {2CF7A668-0FE9-4EAC-8CD0-61065B18A19B}
		{2AB47AA3-AB49-45C6-9969-D08FE23F6AB8} = {9D824023-3AAC-4BFD-BF12-39159BFAB682}
		{ECEB4E74-7AC7-4536-8EE3-10DAEE16B038} = {9D824023-3AAC-4BFD-BF12-39159BFAB682}
		{E30D2C09-C680-4CBC-AB6D-126ACF07ECB3} = {9D824023-3AAC-4BFD-BF12-39159BFAB682}
		{235E2E0C-656D-4DB7-A39D-D69FA8862561} = {9D824023-3AAC-4BFD-BF12-39159BFAB682}
		{73B768D0-A7F2-46D0-8097-539BB96C7305} = {A7341B2C-44E0-46EE-BACA-732C086CE887}
		{62E31BE0-42A6-4153-A810-79B93887FC52} = {2ED92AFB-7F78-4C1E-9EB3-75A2186BC063}
		{ABDE6299-5814-4811-91D4-5908CE699B57} = {E4CD3244-0C3C-4397-9E6D-570CFE1D5641}
		{24262546-1F6E-469C-9A57-DA74363A7C3F} = {A7341B2C-44E0-46EE-BACA-732C086CE887}
		{104FD30C-BCDA-4ABC-A14C-1627AA0E3894} = {9D824023-3AAC-4BFD-BF12-39159BFAB682}
	EndGlobalSection
	GlobalSection(ExtensibilityGlobals) = postSolution
		SolutionGuid = {8539DF67-6A94-4B0F-9423-D8016914363B}
	EndGlobalSection
EndGlobal
