
Microsoft Visual Studio Solution File, Format Version 12.00
# Visual Studio 15
VisualStudioVersion = 15.0.28307.645
MinimumVisualStudioVersion = 10.0.40219.1
Project("{8BC9CEB8-8B4A-11D0-8D11-00A0C91BC942}") = "TemportalEngine", "TemportalEngine\TemportalEngine.vcxitems", "{4EE09EDD-0BB4-4D4D-9777-55A748CC77FE}"
EndProject
Project("{8BC9CEB8-8B4A-11D0-8D11-00A0C91BC942}") = "DemoGame", "DemoGame\DemoGame.vcxproj", "{ABDE6299-5814-4811-91D4-5908CE699B57}"
EndProject
Project("{8BC9CEB8-8B4A-11D0-8D11-00A0C91BC942}") = "Editor", "Editor\Editor.vcxproj", "{414D3B1A-BB7A-4935-B679-3C92B7F0ADBF}"
EndProject
Global
	GlobalSection(SharedMSBuildProjectFiles) = preSolution
		TemportalEngine\TemportalEngine.vcxitems*{414d3b1a-bb7a-4935-b679-3c92b7f0adbf}*SharedItemsImports = 4
		TemportalEngine\TemportalEngine.vcxitems*{4ee09edd-0bb4-4d4d-9777-55a748cc77fe}*SharedItemsImports = 9
		TemportalEngine\TemportalEngine.vcxitems*{abde6299-5814-4811-91d4-5908ce699b57}*SharedItemsImports = 4
	EndGlobalSection
	GlobalSection(SolutionConfigurationPlatforms) = preSolution
		Debug|x64 = Debug|x64
		Debug|x86 = Debug|x86
		Release|x64 = Release|x64
		Release|x86 = Release|x86
	EndGlobalSection
	GlobalSection(ProjectConfigurationPlatforms) = postSolution
		{ABDE6299-5814-4811-91D4-5908CE699B57}.Debug|x64.ActiveCfg = Debug|x64
		{ABDE6299-5814-4811-91D4-5908CE699B57}.Debug|x64.Build.0 = Debug|x64
		{ABDE6299-5814-4811-91D4-5908CE699B57}.Debug|x86.ActiveCfg = Debug|Win32
		{ABDE6299-5814-4811-91D4-5908CE699B57}.Debug|x86.Build.0 = Debug|Win32
		{ABDE6299-5814-4811-91D4-5908CE699B57}.Release|x64.ActiveCfg = Release|x64
		{ABDE6299-5814-4811-91D4-5908CE699B57}.Release|x64.Build.0 = Release|x64
		{ABDE6299-5814-4811-91D4-5908CE699B57}.Release|x86.ActiveCfg = Release|Win32
		{ABDE6299-5814-4811-91D4-5908CE699B57}.Release|x86.Build.0 = Release|Win32
		{414D3B1A-BB7A-4935-B679-3C92B7F0ADBF}.Debug|x64.ActiveCfg = Debug|x64
		{414D3B1A-BB7A-4935-B679-3C92B7F0ADBF}.Debug|x64.Build.0 = Debug|x64
		{414D3B1A-BB7A-4935-B679-3C92B7F0ADBF}.Debug|x86.ActiveCfg = Debug|Win32
		{414D3B1A-BB7A-4935-B679-3C92B7F0ADBF}.Debug|x86.Build.0 = Debug|Win32
		{414D3B1A-BB7A-4935-B679-3C92B7F0ADBF}.Release|x64.ActiveCfg = Release|x64
		{414D3B1A-BB7A-4935-B679-3C92B7F0ADBF}.Release|x64.Build.0 = Release|x64
		{414D3B1A-BB7A-4935-B679-3C92B7F0ADBF}.Release|x86.ActiveCfg = Release|Win32
		{414D3B1A-BB7A-4935-B679-3C92B7F0ADBF}.Release|x86.Build.0 = Release|Win32
	EndGlobalSection
	GlobalSection(SolutionProperties) = preSolution
		HideSolutionNode = FALSE
	EndGlobalSection
	GlobalSection(ExtensibilityGlobals) = postSolution
		SolutionGuid = {8539DF67-6A94-4B0F-9423-D8016914363B}
	EndGlobalSection
EndGlobal
