<?xml version="1.0" encoding="utf-8"?>
<Project ToolsVersion="4.0" xmlns="http://schemas.microsoft.com/developer/msbuild/2003">
  <ItemGroup>
    <Filter Include="Source Files">
      <UniqueIdentifier>{4FC737F1-C7A5-4376-A066-2A32D752A2FF}</UniqueIdentifier>
      <Extensions>cpp;c;cc;cxx;def;odl;idl;hpj;bat;asm;asmx</Extensions>
    </Filter>
    <Filter Include="Header Files">
      <UniqueIdentifier>{93995380-89BD-4b04-88EB-625FBE52EBFB}</UniqueIdentifier>
      <Extensions>h;hh;hpp;hxx;hm;inl;inc;ipp;xsd</Extensions>
    </Filter>
    <Filter Include="Resource Files">
      <UniqueIdentifier>{67DA6AB6-F800-4c08-8B7A-83BB121AAD01}</UniqueIdentifier>
      <Extensions>rc;ico;cur;bmp;dlg;rc2;rct;bin;rgs;gif;jpg;jpeg;jpe;resx;tiff;tif;png;wav;mfcribbon-ms</Extensions>
    </Filter>
    <Filter Include="Source Files\imgui">
      <UniqueIdentifier>{e0f1e114-9ed9-4012-9f4a-c5315082a3f1}</UniqueIdentifier>
    </Filter>
    <Filter Include="Header Files\imgui">
      <UniqueIdentifier>{75711b7f-e5dc-438d-a828-67df1f358e77}</UniqueIdentifier>
    </Filter>
    <Filter Include="Header Files\graphics">
      <UniqueIdentifier>{8fd76525-c0a4-468f-9a10-3c66debb089d}</UniqueIdentifier>
    </Filter>
    <Filter Include="Source Files\graphics">
      <UniqueIdentifier>{bc287c3b-6155-4382-82d5-414db121349d}</UniqueIdentifier>
    </Filter>
    <Filter Include="Header Files\gui">
      <UniqueIdentifier>{ecd5ee0e-a717-450d-97c2-279241b4253b}</UniqueIdentifier>
    </Filter>
    <Filter Include="Source Files\gui">
      <UniqueIdentifier>{0e5ac739-6c6c-4126-ba53-31b2d01091a5}</UniqueIdentifier>
    </Filter>
    <Filter Include="Header Files\gui\modal">
      <UniqueIdentifier>{3445a4c4-2282-4017-9647-656ad920e1d0}</UniqueIdentifier>
    </Filter>
    <Filter Include="Source Files\gui\modal">
      <UniqueIdentifier>{69d61b45-762b-4f86-aa04-5c2b53eeb87d}</UniqueIdentifier>
    </Filter>
    <Filter Include="Header Files\commandlet">
      <UniqueIdentifier>{958b2c3c-81b4-45ef-8d3c-936421dd6b32}</UniqueIdentifier>
    </Filter>
    <Filter Include="Source Files\commandlet">
      <UniqueIdentifier>{70b8a1c1-e540-4b3a-b1a5-a186631281ef}</UniqueIdentifier>
    </Filter>
    <Filter Include="Source Files\gui\asset">
      <UniqueIdentifier>{6eac9782-f6ee-47ab-a9eb-b8321fda9d7a}</UniqueIdentifier>
    </Filter>
    <Filter Include="Header Files\gui\asset">
      <UniqueIdentifier>{e9b84c61-782e-46a5-ba6e-c967cb45d591}</UniqueIdentifier>
    </Filter>
    <Filter Include="Header Files\asset">
      <UniqueIdentifier>{5315519d-2e1e-4d41-bb05-480789644e4c}</UniqueIdentifier>
    </Filter>
    <Filter Include="Source Files\asset">
      <UniqueIdentifier>{2688941c-17b3-4157-9bfe-a9f89ddabe03}</UniqueIdentifier>
    </Filter>
    <Filter Include="Header Files\gui\widget">
      <UniqueIdentifier>{64bd4a9c-4128-413e-8a45-bad37c77a275}</UniqueIdentifier>
    </Filter>
    <Filter Include="Source Files\gui\widget">
      <UniqueIdentifier>{8e9b46b8-4f51-44ff-bc2c-f70e2d679946}</UniqueIdentifier>
    </Filter>
    <Filter Include="Header Files\gui\graphics">
      <UniqueIdentifier>{4e7cc461-f5f1-488f-ae40-cd08bb524fd6}</UniqueIdentifier>
    </Filter>
    <Filter Include="Source Files\gui\graphics">
      <UniqueIdentifier>{2e628fcf-1f66-4bb6-9c58-724b31ee686e}</UniqueIdentifier>
    </Filter>
  </ItemGroup>
  <ItemGroup>
    <ClCompile Include="source\main.cpp">
      <Filter>Source Files</Filter>
    </ClCompile>
    <ClCompile Include="libs\imgui\imgui.cpp">
      <Filter>Source Files\imgui</Filter>
    </ClCompile>
    <ClCompile Include="libs\imgui\examples\imgui_impl_sdl.cpp">
      <Filter>Source Files\imgui</Filter>
    </ClCompile>
    <ClCompile Include="libs\imgui\examples\imgui_impl_vulkan.cpp">
      <Filter>Source Files\imgui</Filter>
    </ClCompile>
    <ClCompile Include="libs\imgui\imgui_widgets.cpp">
      <Filter>Source Files\imgui</Filter>
    </ClCompile>
    <ClCompile Include="libs\imgui\imgui_draw.cpp">
      <Filter>Source Files\imgui</Filter>
    </ClCompile>
    <ClCompile Include="libs\imgui\imgui_demo.cpp">
      <Filter>Source Files\imgui</Filter>
    </ClCompile>
    <ClCompile Include="source\Editor.cpp">
      <Filter>Source Files</Filter>
    </ClCompile>
    <ClCompile Include="source\graphics\ImGuiRenderer.cpp">
      <Filter>Source Files\graphics</Filter>
    </ClCompile>
    <ClCompile Include="source\graphics\ImGuiFrame.cpp">
      <Filter>Source Files\graphics</Filter>
    </ClCompile>
    <ClCompile Include="source\gui\MainDockspace.cpp">
      <Filter>Source Files\gui</Filter>
    </ClCompile>
    <ClCompile Include="source\gui\IGui.cpp">
      <Filter>Source Files\gui</Filter>
    </ClCompile>
    <ClCompile Include="source\gui\AssetBrowser.cpp">
      <Filter>Source Files\gui</Filter>
    </ClCompile>
    <ClCompile Include="source\gui\Log.cpp">
      <Filter>Source Files\gui</Filter>
    </ClCompile>
    <ClCompile Include="source\gui\modal\Modal.cpp">
      <Filter>Source Files\gui\modal</Filter>
    </ClCompile>
    <ClCompile Include="source\gui\modal\NewAsset.cpp">
      <Filter>Source Files\gui\modal</Filter>
    </ClCompile>
    <ClCompile Include="source\gui\modal\OpenAsset.cpp">
      <Filter>Source Files\gui\modal</Filter>
    </ClCompile>
    <ClCompile Include="source\commandlet\CommandletBuildAssets.cpp">
      <Filter>Source Files\commandlet</Filter>
    </ClCompile>
    <ClCompile Include="source\gui\asset\AssetEditor.cpp">
      <Filter>Source Files\gui\asset</Filter>
    </ClCompile>
    <ClCompile Include="source\gui\asset\EditorProject.cpp">
      <Filter>Source Files\gui\asset</Filter>
    </ClCompile>
    <ClCompile Include="source\gui\asset\EditorShader.cpp">
      <Filter>Source Files\gui\asset</Filter>
    </ClCompile>
    <ClCompile Include="source\gui\TextEditor.cpp">
      <Filter>Source Files\gui</Filter>
    </ClCompile>
    <ClCompile Include="source\TaskCompileShader.cpp">
      <Filter>Source Files</Filter>
    </ClCompile>
    <ClCompile Include="source\gui\asset\EditorSettings.cpp">
      <Filter>Source Files\gui\asset</Filter>
    </ClCompile>
    <ClCompile Include="source\asset\Settings.cpp">
      <Filter>Source Files\asset</Filter>
    </ClCompile>
    <ClCompile Include="source\gui\graphics\PropertyGpuPreference.cpp">
      <Filter>Source Files\gui\graphics</Filter>
    </ClCompile>
    <ClCompile Include="source\gui\widget\FieldAsset.cpp">
      <Filter>Source Files\gui\widget</Filter>
    </ClCompile>
    <ClCompile Include="source\gui\asset\EditorImage.cpp">
      <Filter>Source Files\gui\asset</Filter>
    </ClCompile>
    <ClCompile Include="source\gui\modal\PathModal.cpp">
      <Filter>Source Files\gui\modal</Filter>
    </ClCompile>
  </ItemGroup>
  <ItemGroup>
    <None Include="packages.config" />
  </ItemGroup>
  <ItemGroup>
    <ClInclude Include="libs\imgui\imgui.h">
      <Filter>Header Files\imgui</Filter>
    </ClInclude>
    <ClInclude Include="libs\imgui\examples\imgui_impl_sdl.h">
      <Filter>Header Files\imgui</Filter>
    </ClInclude>
    <ClInclude Include="libs\imgui\examples\imgui_impl_vulkan.h">
      <Filter>Header Files\imgui</Filter>
    </ClInclude>
    <ClInclude Include="include\Editor.hpp">
      <Filter>Header Files</Filter>
    </ClInclude>
    <ClInclude Include="include\graphics\ImGuiRenderer.hpp">
      <Filter>Header Files\graphics</Filter>
    </ClInclude>
    <ClInclude Include="include\graphics\ImGuiFrame.hpp">
      <Filter>Header Files\graphics</Filter>
    </ClInclude>
    <ClInclude Include="libs\imgui\imgui_internal.h">
      <Filter>Header Files\imgui</Filter>
    </ClInclude>
    <ClInclude Include="include\gui\IGui.hpp">
      <Filter>Header Files\gui</Filter>
    </ClInclude>
    <ClInclude Include="include\gui\MainDockspace.hpp">
      <Filter>Header Files\gui</Filter>
    </ClInclude>
    <ClInclude Include="include\gui\AssetBrowser.hpp">
      <Filter>Header Files\gui</Filter>
    </ClInclude>
    <ClInclude Include="include\gui\Log.hpp">
      <Filter>Header Files\gui</Filter>
    </ClInclude>
    <ClInclude Include="include\gui\modal\Modal.hpp">
      <Filter>Header Files\gui\modal</Filter>
    </ClInclude>
    <ClInclude Include="include\gui\modal\NewAsset.hpp">
      <Filter>Header Files\gui\modal</Filter>
    </ClInclude>
    <ClInclude Include="include\gui\modal\OpenAsset.hpp">
      <Filter>Header Files\gui\modal</Filter>
    </ClInclude>
    <ClInclude Include="include\commandlet\Commandlet.hpp">
      <Filter>Header Files\commandlet</Filter>
    </ClInclude>
    <ClInclude Include="include\commandlet\CommandletBuildAssets.hpp">
      <Filter>Header Files\commandlet</Filter>
    </ClInclude>
    <ClInclude Include="include\gui\asset\AssetEditor.hpp">
      <Filter>Header Files\gui\asset</Filter>
    </ClInclude>
    <ClInclude Include="include\gui\asset\EditorProject.hpp">
      <Filter>Header Files\gui\asset</Filter>
    </ClInclude>
    <ClInclude Include="include\gui\asset\EditorShader.hpp">
      <Filter>Header Files\gui\asset</Filter>
    </ClInclude>
    <ClInclude Include="include\gui\TextEditor.h">
      <Filter>Header Files\gui</Filter>
    </ClInclude>
    <ClInclude Include="include\TaskCompileShader.hpp">
      <Filter>Header Files</Filter>
    </ClInclude>
    <ClInclude Include="include\gui\asset\EditorSettings.hpp">
      <Filter>Header Files\gui\asset</Filter>
    </ClInclude>
    <ClInclude Include="include\asset\Settings.hpp">
      <Filter>Header Files\asset</Filter>
    </ClInclude>
    <ClInclude Include="include\gui\widget\Combo.hpp">
      <Filter>Header Files\gui\widget</Filter>
    </ClInclude>
    <ClInclude Include="include\gui\widget\FieldText.hpp">
      <Filter>Header Files\gui\widget</Filter>
    </ClInclude>
    <ClInclude Include="include\gui\widget\FieldNumber.hpp">
      <Filter>Header Files\gui\widget</Filter>
    </ClInclude>
    <ClInclude Include="include\gui\widget\List.hpp">
      <Filter>Header Files\gui\widget</Filter>
    </ClInclude>
    <ClInclude Include="include\gui\widget\Optional.hpp">
      <Filter>Header Files\gui\widget</Filter>
    </ClInclude>
    <ClInclude Include="include\gui\graphics\PropertyGpuPreference.hpp">
      <Filter>Header Files\gui\graphics</Filter>
    </ClInclude>
    <ClInclude Include="include\gui\widget\FieldAsset.hpp">
      <Filter>Header Files\gui\widget</Filter>
    </ClInclude>
    <ClInclude Include="include\gui\asset\EditorImage.hpp">
      <Filter>Header Files\gui\asset</Filter>
    </ClInclude>
    <ClInclude Include="include\gui\modal\PathModal.hpp">
      <Filter>Header Files\gui\modal</Filter>
    </ClInclude>
  </ItemGroup>
</Project>