<?xml version="1.0" encoding="utf-8"?>
<Project ToolsVersion="4.0" xmlns="http://schemas.microsoft.com/developer/msbuild/2003">
  <ItemGroup>
    <Filter Include="cereal">
      <UniqueIdentifier>{3d8dcaa7-ae87-4ff4-8e39-1d43bcc32ca6}</UniqueIdentifier>
    </Filter>
  </ItemGroup>
  <ItemGroup>
    <ClInclude Include="$(MSBuildThisFileDirectory)cereal\include\cereal\access.hpp">
      <Filter>cereal</Filter>
    </ClInclude>
    <ClInclude Include="$(MSBuildThisFileDirectory)cereal\include\cereal\archives\adapters.hpp">
      <Filter>cereal</Filter>
    </ClInclude>
    <ClInclude Include="$(MSBuildThisFileDirectory)cereal\include\cereal\external\rapidjson\allocators.h">
      <Filter>cereal</Filter>
    </ClInclude>
    <ClInclude Include="$(MSBuildThisFileDirectory)cereal\include\cereal\types\array.hpp">
      <Filter>cereal</Filter>
    </ClInclude>
    <ClInclude Include="$(MSBuildThisFileDirectory)cereal\include\cereal\types\atomic.hpp">
      <Filter>cereal</Filter>
    </ClInclude>
    <ClInclude Include="$(MSBuildThisFileDirectory)cereal\include\cereal\types\base_class.hpp">
      <Filter>cereal</Filter>
    </ClInclude>
    <ClInclude Include="$(MSBuildThisFileDirectory)cereal\include\cereal\external\base64.hpp">
      <Filter>cereal</Filter>
    </ClInclude>
    <ClInclude Include="$(MSBuildThisFileDirectory)cereal\include\cereal\external\rapidjson\internal\biginteger.h">
      <Filter>cereal</Filter>
    </ClInclude>
    <ClInclude Include="$(MSBuildThisFileDirectory)cereal\include\cereal\archives\binary.hpp">
      <Filter>cereal</Filter>
    </ClInclude>
    <ClInclude Include="$(MSBuildThisFileDirectory)cereal\include\cereal\types\bitset.hpp">
      <Filter>cereal</Filter>
    </ClInclude>
    <ClInclude Include="$(MSBuildThisFileDirectory)cereal\include\cereal\types\boost_variant.hpp">
      <Filter>cereal</Filter>
    </ClInclude>
    <ClInclude Include="$(MSBuildThisFileDirectory)cereal\include\cereal\cereal.hpp">
      <Filter>cereal</Filter>
    </ClInclude>
    <ClInclude Include="$(MSBuildThisFileDirectory)cereal\include\cereal\types\chrono.hpp">
      <Filter>cereal</Filter>
    </ClInclude>
    <ClInclude Include="$(MSBuildThisFileDirectory)cereal\include\cereal\types\common.hpp">
      <Filter>cereal</Filter>
    </ClInclude>
    <ClInclude Include="$(MSBuildThisFileDirectory)cereal\include\cereal\types\complex.hpp">
      <Filter>cereal</Filter>
    </ClInclude>
    <ClInclude Include="$(MSBuildThisFileDirectory)cereal\include\cereal\external\rapidjson\cursorstreamwrapper.h">
      <Filter>cereal</Filter>
    </ClInclude>
    <ClInclude Include="$(MSBuildThisFileDirectory)cereal\include\cereal\types\deque.hpp">
      <Filter>cereal</Filter>
    </ClInclude>
    <ClInclude Include="$(MSBuildThisFileDirectory)cereal\include\cereal\external\rapidjson\internal\diyfp.h">
      <Filter>cereal</Filter>
    </ClInclude>
    <ClInclude Include="$(MSBuildThisFileDirectory)cereal\include\cereal\external\rapidjson\document.h">
      <Filter>cereal</Filter>
    </ClInclude>
    <ClInclude Include="$(MSBuildThisFileDirectory)cereal\include\cereal\external\rapidjson\internal\dtoa.h">
      <Filter>cereal</Filter>
    </ClInclude>
    <ClInclude Include="$(MSBuildThisFileDirectory)cereal\include\cereal\external\rapidjson\error\en.h">
      <Filter>cereal</Filter>
    </ClInclude>
    <ClInclude Include="$(MSBuildThisFileDirectory)cereal\include\cereal\external\rapidjson\encodedstream.h">
      <Filter>cereal</Filter>
    </ClInclude>
    <ClInclude Include="$(MSBuildThisFileDirectory)cereal\include\cereal\external\rapidjson\encodings.h">
      <Filter>cereal</Filter>
    </ClInclude>
    <ClInclude Include="$(MSBuildThisFileDirectory)cereal\include\cereal\external\rapidjson\error\error.h">
      <Filter>cereal</Filter>
    </ClInclude>
    <ClInclude Include="$(MSBuildThisFileDirectory)cereal\include\cereal\external\rapidjson\filereadstream.h">
      <Filter>cereal</Filter>
    </ClInclude>
    <ClInclude Include="$(MSBuildThisFileDirectory)cereal\include\cereal\external\rapidjson\filewritestream.h">
      <Filter>cereal</Filter>
    </ClInclude>
    <ClInclude Include="$(MSBuildThisFileDirectory)cereal\include\cereal\types\forward_list.hpp">
      <Filter>cereal</Filter>
    </ClInclude>
    <ClInclude Include="$(MSBuildThisFileDirectory)cereal\include\cereal\types\functional.hpp">
      <Filter>cereal</Filter>
    </ClInclude>
    <ClInclude Include="$(MSBuildThisFileDirectory)cereal\include\cereal\external\rapidjson\fwd.h">
      <Filter>cereal</Filter>
    </ClInclude>
    <ClInclude Include="$(MSBuildThisFileDirectory)cereal\include\cereal\details\helpers.hpp">
      <Filter>cereal</Filter>
    </ClInclude>
    <ClInclude Include="$(MSBuildThisFileDirectory)cereal\include\cereal\external\rapidjson\internal\ieee754.h">
      <Filter>cereal</Filter>
    </ClInclude>
    <ClInclude Include="$(MSBuildThisFileDirectory)cereal\include\cereal\external\rapidjson\msinttypes\inttypes.h">
      <Filter>cereal</Filter>
    </ClInclude>
    <ClInclude Include="$(MSBuildThisFileDirectory)cereal\include\cereal\external\rapidjson\istreamwrapper.h">
      <Filter>cereal</Filter>
    </ClInclude>
    <ClInclude Include="$(MSBuildThisFileDirectory)cereal\include\cereal\external\rapidjson\internal\itoa.h">
      <Filter>cereal</Filter>
    </ClInclude>
    <ClInclude Include="$(MSBuildThisFileDirectory)cereal\include\cereal\archives\json.hpp">
      <Filter>cereal</Filter>
    </ClInclude>
    <ClInclude Include="$(MSBuildThisFileDirectory)cereal\include\cereal\types\list.hpp">
      <Filter>cereal</Filter>
    </ClInclude>
    <ClInclude Include="$(MSBuildThisFileDirectory)cereal\include\cereal\macros.hpp">
      <Filter>cereal</Filter>
    </ClInclude>
    <ClInclude Include="$(MSBuildThisFileDirectory)cereal\include\cereal\types\map.hpp">
      <Filter>cereal</Filter>
    </ClInclude>
    <ClInclude Include="$(MSBuildThisFileDirectory)cereal\include\cereal\types\memory.hpp">
      <Filter>cereal</Filter>
    </ClInclude>
    <ClInclude Include="$(MSBuildThisFileDirectory)cereal\include\cereal\external\rapidjson\memorybuffer.h">
      <Filter>cereal</Filter>
    </ClInclude>
    <ClInclude Include="$(MSBuildThisFileDirectory)cereal\include\cereal\external\rapidjson\memorystream.h">
      <Filter>cereal</Filter>
    </ClInclude>
    <ClInclude Include="$(MSBuildThisFileDirectory)cereal\include\cereal\external\rapidjson\internal\meta.h">
      <Filter>cereal</Filter>
    </ClInclude>
    <ClInclude Include="$(MSBuildThisFileDirectory)cereal\include\cereal\types\optional.hpp">
      <Filter>cereal</Filter>
    </ClInclude>
    <ClInclude Include="$(MSBuildThisFileDirectory)cereal\include\cereal\external\rapidjson\ostreamwrapper.h">
      <Filter>cereal</Filter>
    </ClInclude>
    <ClInclude Include="$(MSBuildThisFileDirectory)cereal\include\cereal\types\concepts\pair_associative_container.hpp">
      <Filter>cereal</Filter>
    </ClInclude>
    <ClInclude Include="$(MSBuildThisFileDirectory)cereal\include\cereal\external\rapidjson\pointer.h">
      <Filter>cereal</Filter>
    </ClInclude>
    <ClInclude Include="$(MSBuildThisFileDirectory)cereal\include\cereal\types\polymorphic.hpp">
      <Filter>cereal</Filter>
    </ClInclude>
    <ClInclude Include="$(MSBuildThisFileDirectory)cereal\include\cereal\details\polymorphic_impl.hpp">
      <Filter>cereal</Filter>
    </ClInclude>
    <ClInclude Include="$(MSBuildThisFileDirectory)cereal\include\cereal\details\polymorphic_impl_fwd.hpp">
      <Filter>cereal</Filter>
    </ClInclude>
    <ClInclude Include="$(MSBuildThisFileDirectory)cereal\include\cereal\archives\portable_binary.hpp">
      <Filter>cereal</Filter>
    </ClInclude>
    <ClInclude Include="$(MSBuildThisFileDirectory)cereal\include\cereal\external\rapidjson\internal\pow10.h">
      <Filter>cereal</Filter>
    </ClInclude>
    <ClInclude Include="$(MSBuildThisFileDirectory)cereal\include\cereal\external\rapidjson\prettywriter.h">
      <Filter>cereal</Filter>
    </ClInclude>
    <ClInclude Include="$(MSBuildThisFileDirectory)cereal\include\cereal\types\queue.hpp">
      <Filter>cereal</Filter>
    </ClInclude>
    <ClInclude Include="$(MSBuildThisFileDirectory)cereal\include\cereal\external\rapidjson\rapidjson.h">
      <Filter>cereal</Filter>
    </ClInclude>
    <ClInclude Include="$(MSBuildThisFileDirectory)cereal\include\cereal\external\rapidxml\rapidxml.hpp">
      <Filter>cereal</Filter>
    </ClInclude>
    <ClInclude Include="$(MSBuildThisFileDirectory)cereal\include\cereal\external\rapidxml\rapidxml_iterators.hpp">
      <Filter>cereal</Filter>
    </ClInclude>
    <ClInclude Include="$(MSBuildThisFileDirectory)cereal\include\cereal\external\rapidxml\rapidxml_print.hpp">
      <Filter>cereal</Filter>
    </ClInclude>
    <ClInclude Include="$(MSBuildThisFileDirectory)cereal\include\cereal\external\rapidxml\rapidxml_utils.hpp">
      <Filter>cereal</Filter>
    </ClInclude>
    <ClInclude Include="$(MSBuildThisFileDirectory)cereal\include\cereal\external\rapidjson\reader.h">
      <Filter>cereal</Filter>
    </ClInclude>
    <ClInclude Include="$(MSBuildThisFileDirectory)cereal\include\cereal\external\rapidjson\internal\regex.h">
      <Filter>cereal</Filter>
    </ClInclude>
    <ClInclude Include="$(MSBuildThisFileDirectory)cereal\include\cereal\external\rapidjson\schema.h">
      <Filter>cereal</Filter>
    </ClInclude>
    <ClInclude Include="$(MSBuildThisFileDirectory)cereal\include\cereal\types\set.hpp">
      <Filter>cereal</Filter>
    </ClInclude>
    <ClInclude Include="$(MSBuildThisFileDirectory)cereal\include\cereal\specialize.hpp">
      <Filter>cereal</Filter>
    </ClInclude>
    <ClInclude Include="$(MSBuildThisFileDirectory)cereal\include\cereal\external\rapidjson\internal\stack.h">
      <Filter>cereal</Filter>
    </ClInclude>
    <ClInclude Include="$(MSBuildThisFileDirectory)cereal\include\cereal\types\stack.hpp">
      <Filter>cereal</Filter>
    </ClInclude>
    <ClInclude Include="$(MSBuildThisFileDirectory)cereal\include\cereal\details\static_object.hpp">
      <Filter>cereal</Filter>
    </ClInclude>
    <ClInclude Include="$(MSBuildThisFileDirectory)cereal\include\cereal\external\rapidjson\msinttypes\stdint.h">
      <Filter>cereal</Filter>
    </ClInclude>
    <ClInclude Include="$(MSBuildThisFileDirectory)cereal\include\cereal\external\rapidjson\stream.h">
      <Filter>cereal</Filter>
    </ClInclude>
    <ClInclude Include="$(MSBuildThisFileDirectory)cereal\include\cereal\external\rapidjson\internal\strfunc.h">
      <Filter>cereal</Filter>
    </ClInclude>
    <ClInclude Include="$(MSBuildThisFileDirectory)cereal\include\cereal\types\string.hpp">
      <Filter>cereal</Filter>
    </ClInclude>
    <ClInclude Include="$(MSBuildThisFileDirectory)cereal\include\cereal\external\rapidjson\stringbuffer.h">
      <Filter>cereal</Filter>
    </ClInclude>
    <ClInclude Include="$(MSBuildThisFileDirectory)cereal\include\cereal\external\rapidjson\internal\strtod.h">
      <Filter>cereal</Filter>
    </ClInclude>
    <ClInclude Include="$(MSBuildThisFileDirectory)cereal\include\cereal\external\rapidjson\internal\swap.h">
      <Filter>cereal</Filter>
    </ClInclude>
    <ClInclude Include="$(MSBuildThisFileDirectory)cereal\include\cereal\details\traits.hpp">
      <Filter>cereal</Filter>
    </ClInclude>
    <ClInclude Include="$(MSBuildThisFileDirectory)cereal\include\cereal\types\tuple.hpp">
      <Filter>cereal</Filter>
    </ClInclude>
    <ClInclude Include="$(MSBuildThisFileDirectory)cereal\include\cereal\types\unordered_map.hpp">
      <Filter>cereal</Filter>
    </ClInclude>
    <ClInclude Include="$(MSBuildThisFileDirectory)cereal\include\cereal\types\unordered_set.hpp">
      <Filter>cereal</Filter>
    </ClInclude>
    <ClInclude Include="$(MSBuildThisFileDirectory)cereal\include\cereal\details\util.hpp">
      <Filter>cereal</Filter>
    </ClInclude>
    <ClInclude Include="$(MSBuildThisFileDirectory)cereal\include\cereal\types\utility.hpp">
      <Filter>cereal</Filter>
    </ClInclude>
    <ClInclude Include="$(MSBuildThisFileDirectory)cereal\include\cereal\types\valarray.hpp">
      <Filter>cereal</Filter>
    </ClInclude>
    <ClInclude Include="$(MSBuildThisFileDirectory)cereal\include\cereal\types\variant.hpp">
      <Filter>cereal</Filter>
    </ClInclude>
    <ClInclude Include="$(MSBuildThisFileDirectory)cereal\include\cereal\types\vector.hpp">
      <Filter>cereal</Filter>
    </ClInclude>
    <ClInclude Include="$(MSBuildThisFileDirectory)cereal\include\cereal\version.hpp">
      <Filter>cereal</Filter>
    </ClInclude>
    <ClInclude Include="$(MSBuildThisFileDirectory)cereal\include\cereal\external\rapidjson\writer.h">
      <Filter>cereal</Filter>
    </ClInclude>
    <ClInclude Include="$(MSBuildThisFileDirectory)cereal\include\cereal\archives\xml.hpp">
      <Filter>cereal</Filter>
    </ClInclude>
  </ItemGroup>
  <ItemGroup>
    <None Include="$(MSBuildThisFileDirectory)cereal\include\cereal\external\rapidxml\manual.html">
      <Filter>cereal</Filter>
    </None>
  </ItemGroup>
</Project>