<?xml version="1.0" encoding="utf-8"?>
<Project ToolsVersion="4.0" xmlns="http://schemas.microsoft.com/developer/msbuild/2003">
  <ItemGroup>
    <Filter Include="vulkan">
      <UniqueIdentifier>{7ac6eced-f116-4439-81c1-4f2798c2af48}</UniqueIdentifier>
    </Filter>
  </ItemGroup>
  <ItemGroup>
    <ClInclude Include="$(MSBuildThisFileDirectory)Vulkan\include\vulkan\vk_icd.h">
      <Filter>vulkan</Filter>
    </ClInclude>
    <ClInclude Include="$(MSBuildThisFileDirectory)Vulkan\include\vulkan\vk_layer.h">
      <Filter>vulkan</Filter>
    </ClInclude>
    <ClInclude Include="$(MSBuildThisFileDirectory)Vulkan\include\vulkan\vk_platform.h">
      <Filter>vulkan</Filter>
    </ClInclude>
    <ClInclude Include="$(MSBuildThisFileDirectory)Vulkan\include\vulkan\vk_sdk_platform.h">
      <Filter>vulkan</Filter>
    </ClInclude>
    <ClInclude Include="$(MSBuildThisFileDirectory)Vulkan\include\vulkan\vulkan.h">
      <Filter>vulkan</Filter>
    </ClInclude>
    <ClInclude Include="$(MSBuildThisFileDirectory)Vulkan\include\vulkan\vulkan.hpp">
      <Filter>vulkan</Filter>
    </ClInclude>
    <ClInclude Include="$(MSBuildThisFileDirectory)Vulkan\include\vulkan\vulkan_android.h">
      <Filter>vulkan</Filter>
    </ClInclude>
    <ClInclude Include="$(MSBuildThisFileDirectory)Vulkan\include\vulkan\vulkan_beta.h">
      <Filter>vulkan</Filter>
    </ClInclude>
    <ClInclude Include="$(MSBuildThisFileDirectory)Vulkan\include\vulkan\vulkan_core.h">
      <Filter>vulkan</Filter>
    </ClInclude>
    <ClInclude Include="$(MSBuildThisFileDirectory)Vulkan\include\vulkan\vulkan_fuchsia.h">
      <Filter>vulkan</Filter>
    </ClInclude>
    <ClInclude Include="$(MSBuildThisFileDirectory)Vulkan\include\vulkan\vulkan_ggp.h">
      <Filter>vulkan</Filter>
    </ClInclude>
    <ClInclude Include="$(MSBuildThisFileDirectory)Vulkan\include\vulkan\vulkan_ios.h">
      <Filter>vulkan</Filter>
    </ClInclude>
    <ClInclude Include="$(MSBuildThisFileDirectory)Vulkan\include\vulkan\vulkan_macos.h">
      <Filter>vulkan</Filter>
    </ClInclude>
    <ClInclude Include="$(MSBuildThisFileDirectory)Vulkan\include\vulkan\vulkan_metal.h">
      <Filter>vulkan</Filter>
    </ClInclude>
    <ClInclude Include="$(MSBuildThisFileDirectory)Vulkan\include\vulkan\vulkan_vi.h">
      <Filter>vulkan</Filter>
    </ClInclude>
    <ClInclude Include="$(MSBuildThisFileDirectory)Vulkan\include\vulkan\vulkan_wayland.h">
      <Filter>vulkan</Filter>
    </ClInclude>
    <ClInclude Include="$(MSBuildThisFileDirectory)Vulkan\include\vulkan\vulkan_win32.h">
      <Filter>vulkan</Filter>
    </ClInclude>
    <ClInclude Include="$(MSBuildThisFileDirectory)Vulkan\include\vulkan\vulkan_xcb.h">
      <Filter>vulkan</Filter>
    </ClInclude>
    <ClInclude Include="$(MSBuildThisFileDirectory)Vulkan\include\vulkan\vulkan_xlib.h">
      <Filter>vulkan</Filter>
    </ClInclude>
    <ClInclude Include="$(MSBuildThisFileDirectory)Vulkan\include\vulkan\vulkan_xlib_xrandr.h">
      <Filter>vulkan</Filter>
    </ClInclude>
  </ItemGroup>
</Project>