<?xml version="1.0" encoding="utf-8"?>
<Project ToolsVersion="4.0" xmlns="http://schemas.microsoft.com/developer/msbuild/2003">
  <ItemGroup>
    <Filter Include="asset">
      <UniqueIdentifier>{193d7377-7525-4515-bd9e-2ffccbfbe36c}</UniqueIdentifier>
    </Filter>
    <Filter Include="model">
      <UniqueIdentifier>{81976ccb-4579-4797-a520-100cfa59ec83}</UniqueIdentifier>
    </Filter>
    <Filter Include="render">
      <UniqueIdentifier>{3d9dc5c2-2baa-42a0-b36c-5253f866ad2e}</UniqueIdentifier>
    </Filter>
    <Filter Include="utility">
      <UniqueIdentifier>{90578839-905b-413e-a0fb-4920bf3626f0}</UniqueIdentifier>
    </Filter>
    <Filter Include="world">
      <UniqueIdentifier>{361f49e2-4e28-46bc-b13e-87b13b295ff7}</UniqueIdentifier>
    </Filter>
    <Filter Include="render\line">
      <UniqueIdentifier>{71811d0d-7c44-4a7c-8804-ae225d9d532f}</UniqueIdentifier>
    </Filter>
    <Filter Include="render\ui">
      <UniqueIdentifier>{a4049840-49d3-43cd-b9f0-7a98474c0663}</UniqueIdentifier>
    </Filter>
    <Filter Include="ecs">
      <UniqueIdentifier>{d90ef6f5-65ab-4ed7-bb37-ec280663982e}</UniqueIdentifier>
    </Filter>
    <Filter Include="ecs\component">
      <UniqueIdentifier>{e1f089d6-f492-4126-b78e-f509f43fa63c}</UniqueIdentifier>
    </Filter>
    <Filter Include="registry">
      <UniqueIdentifier>{7644110f-ecd6-4ee0-8fe8-f9ca6be130d3}</UniqueIdentifier>
    </Filter>
    <Filter Include="ecs\system">
      <UniqueIdentifier>{f62ee253-e17e-4035-9b94-ef278b828ab1}</UniqueIdentifier>
    </Filter>
    <Filter Include="ecs\view">
      <UniqueIdentifier>{8e7645bd-3022-46c5-987b-72ac32095bfe}</UniqueIdentifier>
    </Filter>
  </ItemGroup>
  <ItemGroup>
    <ClInclude Include="$(MSBuildThisFileDirectory)include\Block.hpp" />
    <ClInclude Include="$(MSBuildThisFileDirectory)include\asset\BlockType.hpp">
      <Filter>asset</Filter>
    </ClInclude>
    <ClInclude Include="$(MSBuildThisFileDirectory)include\model\ModelCube.hpp">
      <Filter>model</Filter>
    </ClInclude>
    <ClInclude Include="$(MSBuildThisFileDirectory)include\CoreInclude.hpp" />
    <ClInclude Include="$(MSBuildThisFileDirectory)include\Game.hpp" />
    <ClInclude Include="$(MSBuildThisFileDirectory)include\BlockId.hpp" />
    <ClInclude Include="$(MSBuildThisFileDirectory)include\StitchedTexture.hpp" />
    <ClInclude Include="$(MSBuildThisFileDirectory)include\utility\CoordMap.hpp">
      <Filter>utility</Filter>
    </ClInclude>
    <ClInclude Include="$(MSBuildThisFileDirectory)include\world\Chunk.hpp">
      <Filter>world</Filter>
    </ClInclude>
    <ClInclude Include="$(MSBuildThisFileDirectory)include\world\World.hpp">
      <Filter>world</Filter>
    </ClInclude>
    <ClInclude Include="$(MSBuildThisFileDirectory)include\world\BlockMetadata.hpp">
      <Filter>world</Filter>
    </ClInclude>
    <ClInclude Include="$(MSBuildThisFileDirectory)include\model\CubeModelLoader.hpp">
      <Filter>model</Filter>
    </ClInclude>
    <ClInclude Include="$(MSBuildThisFileDirectory)include\world\WorldCoordinate.hpp">
      <Filter>world</Filter>
    </ClInclude>
    <ClInclude Include="$(MSBuildThisFileDirectory)include\render\MinecraftRenderer.hpp">
      <Filter>render</Filter>
    </ClInclude>
    <ClInclude Include="$(MSBuildThisFileDirectory)include\render\IPipelineRenderer.hpp">
      <Filter>render</Filter>
    </ClInclude>
    <ClInclude Include="$(MSBuildThisFileDirectory)include\render\VoxelModelManager.hpp">
      <Filter>render</Filter>
    </ClInclude>
    <ClInclude Include="$(MSBuildThisFileDirectory)include\render\VoxelGridRenderer.hpp">
      <Filter>render</Filter>
    </ClInclude>
    <ClInclude Include="$(MSBuildThisFileDirectory)include\world\BlockInstanceMap.hpp">
      <Filter>world</Filter>
    </ClInclude>
    <ClInclude Include="$(MSBuildThisFileDirectory)include\render\line\LineRenderer.hpp">
      <Filter>render\line</Filter>
    </ClInclude>
    <ClInclude Include="$(MSBuildThisFileDirectory)include\render\line\ChunkBoundaryRenderer.hpp">
      <Filter>render\line</Filter>
    </ClInclude>
    <ClInclude Include="$(MSBuildThisFileDirectory)include\render\ui\UIRenderer.hpp">
      <Filter>render\ui</Filter>
    </ClInclude>
    <ClInclude Include="$(MSBuildThisFileDirectory)include\render\ui\UIString.hpp">
      <Filter>render\ui</Filter>
    </ClInclude>
    <ClInclude Include="$(MSBuildThisFileDirectory)include\ecs\component\CoordinateTransform.hpp">
      <Filter>ecs\component</Filter>
    </ClInclude>
    <ClInclude Include="$(MSBuildThisFileDirectory)include\registry\VoxelType.hpp">
      <Filter>registry</Filter>
    </ClInclude>
    <ClInclude Include="$(MSBuildThisFileDirectory)include\ecs\component\ComponentPlayerInput.hpp">
      <Filter>ecs\component</Filter>
    </ClInclude>
    <ClInclude Include="$(MSBuildThisFileDirectory)include\ecs\system\SystemUpdateCameraPerspective.hpp">
      <Filter>ecs\system</Filter>
    </ClInclude>
    <ClInclude Include="$(MSBuildThisFileDirectory)include\ecs\view\ViewCameraPerspective.hpp">
      <Filter>ecs\view</Filter>
    </ClInclude>
    <ClInclude Include="$(MSBuildThisFileDirectory)include\ecs\view\ViewPlayerInputMovement.hpp">
      <Filter>ecs\view</Filter>
    </ClInclude>
    <ClInclude Include="$(MSBuildThisFileDirectory)include\ecs\component\ComponentCameraPOV.hpp">
      <Filter>ecs\component</Filter>
    </ClInclude>
    <ClInclude Include="$(MSBuildThisFileDirectory)include\ecs\view\ViewDebugHUD.hpp">
      <Filter>ecs\view</Filter>
    </ClInclude>
    <ClInclude Include="$(MSBuildThisFileDirectory)include\ecs\system\SystemUpdateDebugHUD.hpp">
      <Filter>ecs\system</Filter>
    </ClInclude>
    <ClInclude Include="$(MSBuildThisFileDirectory)include\ecs\system\SystemMovePlayerByInput.hpp" />
    <ClInclude Include="$(MSBuildThisFileDirectory)include\render\line\SimpleLineRenderer.hpp">
      <Filter>render\line</Filter>
    </ClInclude>
  </ItemGroup>
  <ItemGroup>
    <ClCompile Include="$(MSBuildThisFileDirectory)source\asset\BlockType.cpp">
      <Filter>asset</Filter>
    </ClCompile>
    <ClCompile Include="$(MSBuildThisFileDirectory)source\model\ModelCube.cpp">
      <Filter>model</Filter>
    </ClCompile>
    <ClCompile Include="$(MSBuildThisFileDirectory)source\Game.cpp" />
    <ClCompile Include="$(MSBuildThisFileDirectory)source\StitchedTexture.cpp" />
    <ClCompile Include="$(MSBuildThisFileDirectory)source\world\World.cpp">
      <Filter>world</Filter>
    </ClCompile>
    <ClCompile Include="$(MSBuildThisFileDirectory)source\model\CubeModelLoader.cpp">
      <Filter>model</Filter>
    </ClCompile>
    <ClCompile Include="$(MSBuildThisFileDirectory)source\world\WorldCoordinate.cpp">
      <Filter>world</Filter>
    </ClCompile>
    <ClCompile Include="$(MSBuildThisFileDirectory)source\world\Chunk.cpp">
      <Filter>world</Filter>
    </ClCompile>
    <ClCompile Include="$(MSBuildThisFileDirectory)source\render\MinecraftRenderer.cpp">
      <Filter>render</Filter>
    </ClCompile>
    <ClCompile Include="$(MSBuildThisFileDirectory)source\render\VoxelModelManager.cpp">
      <Filter>render</Filter>
    </ClCompile>
    <ClCompile Include="$(MSBuildThisFileDirectory)source\render\VoxelGridRenderer.cpp">
      <Filter>render</Filter>
    </ClCompile>
    <ClCompile Include="$(MSBuildThisFileDirectory)source\world\BlockInstanceMap.cpp">
      <Filter>world</Filter>
    </ClCompile>
    <ClCompile Include="$(MSBuildThisFileDirectory)source\render\line\LineRenderer.cpp">
      <Filter>render\line</Filter>
    </ClCompile>
    <ClCompile Include="$(MSBuildThisFileDirectory)source\render\line\ChunkBoundaryRenderer.cpp">
      <Filter>render\line</Filter>
    </ClCompile>
    <ClCompile Include="$(MSBuildThisFileDirectory)source\render\ui\UIRenderer.cpp">
      <Filter>render\ui</Filter>
    </ClCompile>
    <ClCompile Include="$(MSBuildThisFileDirectory)source\render\ui\UIString.cpp">
      <Filter>render\ui</Filter>
    </ClCompile>
    <ClCompile Include="$(MSBuildThisFileDirectory)source\ecs\component\CoordinateTransform.cpp">
      <Filter>ecs\component</Filter>
    </ClCompile>
    <ClCompile Include="$(MSBuildThisFileDirectory)source\registry\VoxelType.cpp">
      <Filter>registry</Filter>
    </ClCompile>
    <ClCompile Include="$(MSBuildThisFileDirectory)source\ecs\view\ViewPlayerInputMovement.cpp">
      <Filter>ecs\view</Filter>
    </ClCompile>
    <ClCompile Include="$(MSBuildThisFileDirectory)source\ecs\component\ComponentPlayerInput.cpp">
      <Filter>ecs\component</Filter>
    </ClCompile>
    <ClCompile Include="$(MSBuildThisFileDirectory)source\ecs\view\ViewCameraPerspective.cpp">
      <Filter>ecs\view</Filter>
    </ClCompile>
    <ClCompile Include="$(MSBuildThisFileDirectory)source\ecs\component\ComponentCameraPOV.cpp">
      <Filter>ecs\component</Filter>
    </ClCompile>
    <ClCompile Include="$(MSBuildThisFileDirectory)source\ecs\system\SystemUpdateCameraPerspective.cpp">
      <Filter>ecs\system</Filter>
    </ClCompile>
    <ClCompile Include="$(MSBuildThisFileDirectory)source\ecs\view\ViewDebugHUD.cpp">
      <Filter>ecs\view</Filter>
    </ClCompile>
    <ClCompile Include="$(MSBuildThisFileDirectory)source\ecs\system\SystemUpdateDebugHUD.cpp">
      <Filter>ecs\system</Filter>
    </ClCompile>
    <ClCompile Include="$(MSBuildThisFileDirectory)source\ecs\system\SystemMovePlayerByInput.cpp" />
    <ClCompile Include="$(MSBuildThisFileDirectory)source\render\line\SimpleLineRenderer.cpp">
      <Filter>render\line</Filter>
    </ClCompile>
  </ItemGroup>
</Project>