<?xml version="1.0" encoding="utf-8"?>
<Project ToolsVersion="4.0" xmlns="http://schemas.microsoft.com/developer/msbuild/2003">
  <ItemGroup>
    <Filter Include="dependency">
    </Filter>
    <Filter Include="input">
      <UniqueIdentifier>{a58b976f-a76e-4faf-9826-6ff2a6501831}</UniqueIdentifier>
    </Filter>
    <Filter Include="dependency">
    </Filter>
    <Filter Include="logging">
    </Filter>
    <Filter Include="math">
    </Filter>
    <Filter Include="memory">
    </Filter>
    <Filter Include="network">
    </Filter>
    <Filter Include="registry">
    </Filter>
    <Filter Include="thread">
    </Filter>
    <Filter Include="types">
    </Filter>
    <Filter Include="network\client">
      <UniqueIdentifier>{346ed6d3-47dc-4c18-b6ed-3b0384420921}</UniqueIdentifier>
    </Filter>
    <Filter Include="network\common">
      <UniqueIdentifier>{8a02bff1-c38c-4122-bf28-06f392a48f06}</UniqueIdentifier>
    </Filter>
    <Filter Include="network\server">
      <UniqueIdentifier>{3e9369f0-1349-485f-9be4-c8f74d11448e}</UniqueIdentifier>
    </Filter>
    <Filter Include="graphics">
      <UniqueIdentifier>{1385d2fa-e688-4a45-80eb-782d1df3b0c0}</UniqueIdentifier>
    </Filter>
    <Filter Include="asset">
      <UniqueIdentifier>{58e5db61-1df6-43d7-8184-b20f84cb9bcb}</UniqueIdentifier>
    </Filter>
    <Filter Include="utility">
      <UniqueIdentifier>{750ab6e5-5873-4d05-9993-5816addaf57e}</UniqueIdentifier>
    </Filter>
    <Filter Include="cereal">
      <UniqueIdentifier>{ea5d7b31-cdd4-47e3-8a3b-c3e2e9522bee}</UniqueIdentifier>
    </Filter>
    <Filter Include="controller">
      <UniqueIdentifier>{5eb93bd5-8d39-4a31-846c-b840d80d276f}</UniqueIdentifier>
    </Filter>
    <Filter Include="ecs">
      <UniqueIdentifier>{f6d28b4f-41b3-4215-9226-bbbf3a2b7c4b}</UniqueIdentifier>
    </Filter>
  </ItemGroup>
  <ItemGroup>
    <ClCompile Include="$(MSBuildThisFileDirectory)source\Engine.cpp" />
    <ClCompile Include="$(MSBuildThisFileDirectory)source\Window.cpp" />
    <ClCompile Include="$(MSBuildThisFileDirectory)source\dependency\Module.cpp">
      <Filter>dependency</Filter>
    </ClCompile>
    <ClCompile Include="$(MSBuildThisFileDirectory)source\dependency\SDL.cpp">
      <Filter>dependency</Filter>
    </ClCompile>
    <ClCompile Include="$(MSBuildThisFileDirectory)source\input\InputWatcher.cpp">
      <Filter>input</Filter>
    </ClCompile>
    <ClCompile Include="$(MSBuildThisFileDirectory)source\input\Queue.cpp">
      <Filter>input</Filter>
    </ClCompile>
    <ClCompile Include="$(MSBuildThisFileDirectory)source\logging\Logger.cpp">
      <Filter>logging</Filter>
    </ClCompile>
    <ClCompile Include="$(MSBuildThisFileDirectory)source\math\Vector.cpp">
      <Filter>math</Filter>
    </ClCompile>
    <ClCompile Include="$(MSBuildThisFileDirectory)source\memory\MemoryManager.c">
      <Filter>memory</Filter>
    </ClCompile>
    <ClCompile Include="$(MSBuildThisFileDirectory)source\memory\Pool.c">
      <Filter>memory</Filter>
    </ClCompile>
    <ClCompile Include="$(MSBuildThisFileDirectory)source\network\PacketInternal.cpp">
      <Filter>network</Filter>
    </ClCompile>
    <ClCompile Include="$(MSBuildThisFileDirectory)source\network\client\PacketConnectionAccepted.cpp">
      <Filter>network\client</Filter>
    </ClCompile>
    <ClCompile Include="$(MSBuildThisFileDirectory)source\network\client\PacketConnectionRejected.cpp">
      <Filter>network\client</Filter>
    </ClCompile>
    <ClCompile Include="$(MSBuildThisFileDirectory)source\network\client\ServiceClient.cpp">
      <Filter>network\client</Filter>
    </ClCompile>
    <ClCompile Include="$(MSBuildThisFileDirectory)source\network\common\NetworkInterface.cpp">
      <Filter>network\common</Filter>
    </ClCompile>
    <ClCompile Include="$(MSBuildThisFileDirectory)source\network\common\Packet.cpp">
      <Filter>network\common</Filter>
    </ClCompile>
    <ClCompile Include="$(MSBuildThisFileDirectory)source\network\common\PacketQueue.cpp">
      <Filter>network\common</Filter>
    </ClCompile>
    <ClCompile Include="$(MSBuildThisFileDirectory)source\network\common\PacketRegistry.cpp">
      <Filter>network\common</Filter>
    </ClCompile>
    <ClCompile Include="$(MSBuildThisFileDirectory)source\network\common\Service.cpp">
      <Filter>network\common</Filter>
    </ClCompile>
    <ClCompile Include="$(MSBuildThisFileDirectory)source\network\server\PacketNewIncomingConnection.cpp">
      <Filter>network\server</Filter>
    </ClCompile>
    <ClCompile Include="$(MSBuildThisFileDirectory)source\network\server\ServiceServer.cpp">
      <Filter>network\server</Filter>
    </ClCompile>
    <ClCompile Include="$(MSBuildThisFileDirectory)source\thread\Mutex.c">
      <Filter>thread</Filter>
    </ClCompile>
    <ClCompile Include="$(MSBuildThisFileDirectory)source\thread\MutexLock.cpp">
      <Filter>thread</Filter>
    </ClCompile>
    <ClCompile Include="$(MSBuildThisFileDirectory)source\thread\Thread.cpp">
      <Filter>thread</Filter>
    </ClCompile>
    <ClCompile Include="$(MSBuildThisFileDirectory)source\thread\ThreadId.c">
      <Filter>thread</Filter>
    </ClCompile>
    <ClCompile Include="$(MSBuildThisFileDirectory)source\graphics\PhysicalDevicePreference.cpp">
      <Filter>graphics</Filter>
    </ClCompile>
    <ClCompile Include="$(MSBuildThisFileDirectory)source\graphics\VulkanInstance.cpp">
      <Filter>graphics</Filter>
    </ClCompile>
    <ClCompile Include="$(MSBuildThisFileDirectory)source\graphics\Surface.cpp">
      <Filter>graphics</Filter>
    </ClCompile>
    <ClCompile Include="$(MSBuildThisFileDirectory)source\graphics\PhysicalDevice.cpp">
      <Filter>graphics</Filter>
    </ClCompile>
    <ClCompile Include="$(MSBuildThisFileDirectory)source\graphics\LogicalDevice.cpp">
      <Filter>graphics</Filter>
    </ClCompile>
    <ClCompile Include="$(MSBuildThisFileDirectory)source\graphics\LogicalDeviceInfo.cpp">
      <Filter>graphics</Filter>
    </ClCompile>
    <ClCompile Include="$(MSBuildThisFileDirectory)source\graphics\QueueFamilyGroup.cpp">
      <Filter>graphics</Filter>
    </ClCompile>
    <ClCompile Include="$(MSBuildThisFileDirectory)source\graphics\VulkanRenderer.cpp">
      <Filter>graphics</Filter>
    </ClCompile>
    <ClCompile Include="$(MSBuildThisFileDirectory)source\graphics\SwapChain.cpp">
      <Filter>graphics</Filter>
    </ClCompile>
    <ClCompile Include="$(MSBuildThisFileDirectory)source\graphics\SwapChainInfo.cpp">
      <Filter>graphics</Filter>
    </ClCompile>
    <ClCompile Include="$(MSBuildThisFileDirectory)source\graphics\ShaderModule.cpp">
      <Filter>graphics</Filter>
    </ClCompile>
    <ClCompile Include="$(MSBuildThisFileDirectory)source\graphics\RenderPass.cpp">
      <Filter>graphics</Filter>
    </ClCompile>
    <ClCompile Include="$(MSBuildThisFileDirectory)source\graphics\Pipeline.cpp">
      <Filter>graphics</Filter>
    </ClCompile>
    <ClCompile Include="$(MSBuildThisFileDirectory)source\graphics\FrameBuffer.cpp">
      <Filter>graphics</Filter>
    </ClCompile>
    <ClCompile Include="$(MSBuildThisFileDirectory)source\graphics\VulkanApi.cpp">
      <Filter>graphics</Filter>
    </ClCompile>
    <ClCompile Include="$(MSBuildThisFileDirectory)source\graphics\CommandPool.cpp">
      <Filter>graphics</Filter>
    </ClCompile>
    <ClCompile Include="$(MSBuildThisFileDirectory)source\graphics\CommandBuffer.cpp">
      <Filter>graphics</Filter>
    </ClCompile>
    <ClCompile Include="$(MSBuildThisFileDirectory)source\graphics\Command.cpp">
      <Filter>graphics</Filter>
    </ClCompile>
    <ClCompile Include="$(MSBuildThisFileDirectory)source\graphics\Frame.cpp">
      <Filter>graphics</Filter>
    </ClCompile>
    <ClCompile Include="$(MSBuildThisFileDirectory)source\graphics\ImageView.cpp">
      <Filter>graphics</Filter>
    </ClCompile>
    <ClCompile Include="$(MSBuildThisFileDirectory)source\asset\AssetManager.cpp">
      <Filter>asset</Filter>
    </ClCompile>
    <ClCompile Include="$(MSBuildThisFileDirectory)source\graphics\Buffer.cpp">
      <Filter>graphics</Filter>
    </ClCompile>
    <ClCompile Include="$(MSBuildThisFileDirectory)source\asset\Asset.cpp">
      <Filter>asset</Filter>
    </ClCompile>
    <ClCompile Include="$(MSBuildThisFileDirectory)source\asset\Project.cpp">
      <Filter>asset</Filter>
    </ClCompile>
    <ClCompile Include="$(MSBuildThisFileDirectory)source\utility\StringUtils.cpp">
      <Filter>utility</Filter>
    </ClCompile>
    <ClCompile Include="$(MSBuildThisFileDirectory)source\asset\Shader.cpp">
      <Filter>asset</Filter>
    </ClCompile>
    <ClCompile Include="$(MSBuildThisFileDirectory)source\graphics\types.cpp">
      <Filter>graphics</Filter>
    </ClCompile>
    <ClCompile Include="$(MSBuildThisFileDirectory)source\asset\AssetPath.cpp">
      <Filter>asset</Filter>
    </ClCompile>
    <ClCompile Include="$(MSBuildThisFileDirectory)source\asset\utils.cpp">
      <Filter>asset</Filter>
    </ClCompile>
    <ClCompile Include="$(MSBuildThisFileDirectory)source\graphics\GameRenderer.cpp">
      <Filter>graphics</Filter>
    </ClCompile>
    <ClCompile Include="$(MSBuildThisFileDirectory)source\WorldObject.cpp" />
    <ClCompile Include="$(MSBuildThisFileDirectory)source\Model.cpp" />
    <ClCompile Include="$(MSBuildThisFileDirectory)source\RenderCube.cpp" />
    <ClCompile Include="$(MSBuildThisFileDirectory)source\controller\Controller.cpp">
      <Filter>controller</Filter>
    </ClCompile>
    <ClCompile Include="$(MSBuildThisFileDirectory)source\utility\Guid.cpp">
      <Filter>utility</Filter>
    </ClCompile>
  </ItemGroup>
  <ItemGroup>
    <ClInclude Include="$(MSBuildThisFileDirectory)include\Api.h" />
    <ClInclude Include="$(MSBuildThisFileDirectory)include\Engine.hpp" />
    <ClInclude Include="$(MSBuildThisFileDirectory)include\ExecutableInfo.hpp" />
    <ClInclude Include="$(MSBuildThisFileDirectory)include\Namespace.hpp" />
    <ClInclude Include="$(MSBuildThisFileDirectory)include\TemportalEnginePCH.hpp" />
    <ClInclude Include="$(MSBuildThisFileDirectory)include\Window.hpp" />
    <ClInclude Include="$(MSBuildThisFileDirectory)include\dependency\Module.hpp">
      <Filter>dependency</Filter>
    </ClInclude>
    <ClInclude Include="$(MSBuildThisFileDirectory)include\dependency\SDL.hpp">
      <Filter>dependency</Filter>
    </ClInclude>
    <ClInclude Include="$(MSBuildThisFileDirectory)include\input\Action.hpp">
      <Filter>input</Filter>
    </ClInclude>
    <ClInclude Include="$(MSBuildThisFileDirectory)include\input\Event.hpp">
      <Filter>input</Filter>
    </ClInclude>
    <ClInclude Include="$(MSBuildThisFileDirectory)include\input\InputWatcher.hpp">
      <Filter>input</Filter>
    </ClInclude>
    <ClInclude Include="$(MSBuildThisFileDirectory)include\input\Joystick.hpp">
      <Filter>input</Filter>
    </ClInclude>
    <ClInclude Include="$(MSBuildThisFileDirectory)include\input\Key.hpp">
      <Filter>input</Filter>
    </ClInclude>
    <ClInclude Include="$(MSBuildThisFileDirectory)include\input\Mouse.hpp">
      <Filter>input</Filter>
    </ClInclude>
    <ClInclude Include="$(MSBuildThisFileDirectory)include\input\Queue.hpp">
      <Filter>input</Filter>
    </ClInclude>
    <ClInclude Include="$(MSBuildThisFileDirectory)include\logging\Logger.hpp">
      <Filter>logging</Filter>
    </ClInclude>
    <ClInclude Include="$(MSBuildThisFileDirectory)include\math\compare.h">
      <Filter>math</Filter>
    </ClInclude>
    <ClInclude Include="$(MSBuildThisFileDirectory)include\math\pow.hpp">
      <Filter>math</Filter>
    </ClInclude>
    <ClInclude Include="$(MSBuildThisFileDirectory)include\math\Vector.hpp">
      <Filter>math</Filter>
    </ClInclude>
    <ClInclude Include="$(MSBuildThisFileDirectory)include\math\VectorType.hpp">
      <Filter>math</Filter>
    </ClInclude>
    <ClInclude Include="$(MSBuildThisFileDirectory)include\memory\MemoryManager.h">
      <Filter>memory</Filter>
    </ClInclude>
    <ClInclude Include="$(MSBuildThisFileDirectory)include\memory\Pool.h">
      <Filter>memory</Filter>
    </ClInclude>
    <ClInclude Include="$(MSBuildThisFileDirectory)include\registry\Registry.hpp">
      <Filter>registry</Filter>
    </ClInclude>
    <ClInclude Include="$(MSBuildThisFileDirectory)include\registry\RegistryItem.hpp">
      <Filter>registry</Filter>
    </ClInclude>
    <ClInclude Include="$(MSBuildThisFileDirectory)include\thread\Mutex.h">
      <Filter>thread</Filter>
    </ClInclude>
    <ClInclude Include="$(MSBuildThisFileDirectory)include\thread\MutexLock.hpp">
      <Filter>thread</Filter>
    </ClInclude>
    <ClInclude Include="$(MSBuildThisFileDirectory)include\thread\Thread.hpp">
      <Filter>thread</Filter>
    </ClInclude>
    <ClInclude Include="$(MSBuildThisFileDirectory)include\thread\ThreadId.h">
      <Filter>thread</Filter>
    </ClInclude>
    <ClInclude Include="$(MSBuildThisFileDirectory)include\types\arch.h">
      <Filter>types</Filter>
    </ClInclude>
    <ClInclude Include="$(MSBuildThisFileDirectory)include\types\integer.h">
      <Filter>types</Filter>
    </ClInclude>
    <ClInclude Include="$(MSBuildThisFileDirectory)include\types\math.h">
      <Filter>types</Filter>
    </ClInclude>
    <ClInclude Include="$(MSBuildThisFileDirectory)include\types\real.h">
      <Filter>types</Filter>
    </ClInclude>
    <ClInclude Include="$(MSBuildThisFileDirectory)include\network\client\PacketConnectionAccepted.hpp">
      <Filter>network\client</Filter>
    </ClInclude>
    <ClInclude Include="$(MSBuildThisFileDirectory)include\network\client\PacketConnectionRejected.hpp">
      <Filter>network\client</Filter>
    </ClInclude>
    <ClInclude Include="$(MSBuildThisFileDirectory)include\network\client\ServiceClient.hpp">
      <Filter>network\client</Filter>
    </ClInclude>
    <ClInclude Include="$(MSBuildThisFileDirectory)include\network\server\PacketNewIncomingConnection.hpp">
      <Filter>network\server</Filter>
    </ClInclude>
    <ClInclude Include="$(MSBuildThisFileDirectory)include\network\server\ServiceServer.hpp">
      <Filter>network\server</Filter>
    </ClInclude>
    <ClInclude Include="$(MSBuildThisFileDirectory)include\network\common\NetworkInterface.hpp">
      <Filter>network\common</Filter>
    </ClInclude>
    <ClInclude Include="$(MSBuildThisFileDirectory)include\network\common\Packet.hpp">
      <Filter>network\common</Filter>
    </ClInclude>
    <ClInclude Include="$(MSBuildThisFileDirectory)include\network\common\PacketQueue.hpp">
      <Filter>network\common</Filter>
    </ClInclude>
    <ClInclude Include="$(MSBuildThisFileDirectory)include\network\common\PacketRegistry.hpp">
      <Filter>network\common</Filter>
    </ClInclude>
    <ClInclude Include="$(MSBuildThisFileDirectory)include\network\common\RakNet.hpp">
      <Filter>network\common</Filter>
    </ClInclude>
    <ClInclude Include="$(MSBuildThisFileDirectory)include\network\common\Service.hpp">
      <Filter>network\common</Filter>
    </ClInclude>
    <ClInclude Include="$(MSBuildThisFileDirectory)include\graphics\PhysicalDevicePreference.hpp">
      <Filter>graphics</Filter>
    </ClInclude>
    <ClInclude Include="$(MSBuildThisFileDirectory)include\graphics\QueueFamilyGroup.hpp">
      <Filter>graphics</Filter>
    </ClInclude>
    <ClInclude Include="$(MSBuildThisFileDirectory)include\graphics\VulkanInstance.hpp">
      <Filter>graphics</Filter>
    </ClInclude>
    <ClInclude Include="$(MSBuildThisFileDirectory)include\version.h" />
    <ClInclude Include="$(MSBuildThisFileDirectory)include\graphics\Surface.hpp">
      <Filter>graphics</Filter>
    </ClInclude>
    <ClInclude Include="$(MSBuildThisFileDirectory)include\graphics\PhysicalDevice.hpp">
      <Filter>graphics</Filter>
    </ClInclude>
    <ClInclude Include="$(MSBuildThisFileDirectory)include\graphics\LogicalDevice.hpp">
      <Filter>graphics</Filter>
    </ClInclude>
    <ClInclude Include="$(MSBuildThisFileDirectory)include\graphics\LogicalDeviceInfo.hpp">
      <Filter>graphics</Filter>
    </ClInclude>
    <ClInclude Include="$(MSBuildThisFileDirectory)include\graphics\VulkanRenderer.hpp">
      <Filter>graphics</Filter>
    </ClInclude>
    <ClInclude Include="$(MSBuildThisFileDirectory)include\graphics\SwapChain.hpp">
      <Filter>graphics</Filter>
    </ClInclude>
    <ClInclude Include="$(MSBuildThisFileDirectory)include\graphics\SwapChainInfo.hpp">
      <Filter>graphics</Filter>
    </ClInclude>
    <ClInclude Include="$(MSBuildThisFileDirectory)include\graphics\ShaderModule.hpp">
      <Filter>graphics</Filter>
    </ClInclude>
    <ClInclude Include="$(MSBuildThisFileDirectory)include\graphics\RenderPass.hpp">
      <Filter>graphics</Filter>
    </ClInclude>
    <ClInclude Include="$(MSBuildThisFileDirectory)include\graphics\Pipeline.hpp">
      <Filter>graphics</Filter>
    </ClInclude>
    <ClInclude Include="$(MSBuildThisFileDirectory)include\graphics\FrameBuffer.hpp">
      <Filter>graphics</Filter>
    </ClInclude>
    <ClInclude Include="$(MSBuildThisFileDirectory)include\graphics\ImageViewInfo.hpp">
      <Filter>graphics</Filter>
    </ClInclude>
    <ClInclude Include="$(MSBuildThisFileDirectory)include\graphics\VulkanApi.hpp">
      <Filter>graphics</Filter>
    </ClInclude>
    <ClInclude Include="$(MSBuildThisFileDirectory)include\graphics\CommandPool.hpp">
      <Filter>graphics</Filter>
    </ClInclude>
    <ClInclude Include="$(MSBuildThisFileDirectory)include\graphics\CommandBuffer.hpp">
      <Filter>graphics</Filter>
    </ClInclude>
    <ClInclude Include="$(MSBuildThisFileDirectory)include\graphics\Command.hpp">
      <Filter>graphics</Filter>
    </ClInclude>
    <ClInclude Include="$(MSBuildThisFileDirectory)include\graphics\Frame.hpp">
      <Filter>graphics</Filter>
    </ClInclude>
    <ClInclude Include="$(MSBuildThisFileDirectory)include\graphics\ImageView.hpp">
      <Filter>graphics</Filter>
    </ClInclude>
    <ClInclude Include="$(MSBuildThisFileDirectory)include\WindowFlags.hpp" />
    <ClInclude Include="$(MSBuildThisFileDirectory)include\asset\Asset.hpp">
      <Filter>asset</Filter>
    </ClInclude>
    <ClInclude Include="$(MSBuildThisFileDirectory)include\asset\AssetManager.hpp">
      <Filter>asset</Filter>
    </ClInclude>
    <ClInclude Include="$(MSBuildThisFileDirectory)include\utility\StringUtils.hpp">
      <Filter>utility</Filter>
    </ClInclude>
    <ClInclude Include="$(MSBuildThisFileDirectory)include\graphics\Buffer.hpp">
      <Filter>graphics</Filter>
    </ClInclude>
    <ClInclude Include="$(MSBuildThisFileDirectory)include\asset\Project.hpp">
      <Filter>asset</Filter>
    </ClInclude>
    <ClInclude Include="$(MSBuildThisFileDirectory)include\asset\AssetType.hpp">
      <Filter>asset</Filter>
    </ClInclude>
    <ClInclude Include="$(MSBuildThisFileDirectory)include\asset\Shader.hpp">
      <Filter>asset</Filter>
    </ClInclude>
    <ClInclude Include="$(MSBuildThisFileDirectory)include\asset\AssetHelper.hpp">
      <Filter>asset</Filter>
    </ClInclude>
    <ClInclude Include="$(MSBuildThisFileDirectory)include\graphics\VertexDescription.hpp">
      <Filter>graphics</Filter>
    </ClInclude>
    <ClInclude Include="$(MSBuildThisFileDirectory)include\graphics\ShaderMetadata.hpp" />
    <ClInclude Include="$(MSBuildThisFileDirectory)include\asset\TypedAssetPath.hpp">
      <Filter>asset</Filter>
    </ClInclude>
    <ClInclude Include="$(MSBuildThisFileDirectory)include\graphics\types.hpp">
      <Filter>graphics</Filter>
    </ClInclude>
    <ClInclude Include="$(MSBuildThisFileDirectory)include\graphics\SwapChainSupport.hpp">
      <Filter>graphics</Filter>
    </ClInclude>
    <ClInclude Include="$(MSBuildThisFileDirectory)include\cereal\list.hpp">
      <Filter>cereal</Filter>
    </ClInclude>
    <ClInclude Include="$(MSBuildThisFileDirectory)include\cereal\optional.hpp">
      <Filter>cereal</Filter>
    </ClInclude>
    <ClInclude Include="$(MSBuildThisFileDirectory)include\asset\AssetPath.hpp">
      <Filter>asset</Filter>
    </ClInclude>
    <ClInclude Include="$(MSBuildThisFileDirectory)include\asset\utils.hpp">
      <Filter>asset</Filter>
    </ClInclude>
    <ClInclude Include="$(MSBuildThisFileDirectory)include\graphics\Uniform.hpp">
      <Filter>graphics</Filter>
    </ClInclude>
    <ClInclude Include="$(MSBuildThisFileDirectory)include\memory\MemoryChunk.hpp">
      <Filter>memory</Filter>
    </ClInclude>
    <ClInclude Include="$(MSBuildThisFileDirectory)include\graphics\GameRenderer.hpp">
      <Filter>graphics</Filter>
    </ClInclude>
    <ClInclude Include="$(MSBuildThisFileDirectory)Delegate.hpp" />
    <ClInclude Include="$(MSBuildThisFileDirectory)include\WorldObject.hpp" />
    <ClInclude Include="$(MSBuildThisFileDirectory)include\Model.hpp" />
    <ClInclude Include="$(MSBuildThisFileDirectory)include\ModelCube.hpp" />
    <ClInclude Include="$(MSBuildThisFileDirectory)include\RenderCube.hpp" />
    <ClInclude Include="$(MSBuildThisFileDirectory)include\IRender.hpp" />
    <ClInclude Include="$(MSBuildThisFileDirectory)include\graphics\AttributeBinding.hpp">
      <Filter>graphics</Filter>
    </ClInclude>
    <ClInclude Include="$(MSBuildThisFileDirectory)include\controller\Controller.hpp">
      <Filter>controller</Filter>
    </ClInclude>
    <ClInclude Include="$(MSBuildThisFileDirectory)include\ITickable.hpp" />
    <ClInclude Include="$(MSBuildThisFileDirectory)include\Camera.hpp" />
    <ClInclude Include="$(MSBuildThisFileDirectory)include\ecs\Core.hpp">
      <Filter>ecs</Filter>
    </ClInclude>
    <ClInclude Include="$(MSBuildThisFileDirectory)include\memory\MemoryPool.hpp">
      <Filter>memory</Filter>
    </ClInclude>
    <ClInclude Include="$(MSBuildThisFileDirectory)include\utility\Guid.hpp">
      <Filter>utility</Filter>
    </ClInclude>
  </ItemGroup>
</Project>