<?xml version="1.0" encoding="utf-8"?>
<Project ToolsVersion="4.0" xmlns="http://schemas.microsoft.com/developer/msbuild/2003">
  <ItemGroup>
    <Filter Include="Source Files">
      <UniqueIdentifier>{4FC737F1-C7A5-4376-A066-2A32D752A2FF}</UniqueIdentifier>
      <Extensions>cpp;c;cc;cxx;def;odl;idl;hpj;bat;asm;asmx</Extensions>
    </Filter>
    <Filter Include="Header Files">
      <UniqueIdentifier>{93995380-89BD-4b04-88EB-625FBE52EBFB}</UniqueIdentifier>
      <Extensions>h;hh;hpp;hxx;hm;inl;inc;ipp;xsd</Extensions>
    </Filter>
    <Filter Include="Resource Files">
      <UniqueIdentifier>{67DA6AB6-F800-4c08-8B7A-83BB121AAD01}</UniqueIdentifier>
      <Extensions>rc;ico;cur;bmp;dlg;rc2;rct;bin;rgs;gif;jpg;jpeg;jpe;resx;tiff;tif;png;wav;mfcribbon-ms</Extensions>
    </Filter>
    <Filter Include="Source Files\dependency">
      <UniqueIdentifier>{0c152394-6f45-42cb-a901-3c0dde1c5fde}</UniqueIdentifier>
    </Filter>
    <Filter Include="Header Files\types">
      <UniqueIdentifier>{97d84489-6c14-4862-9035-287daf921407}</UniqueIdentifier>
    </Filter>
    <Filter Include="Header Files\dependency">
      <UniqueIdentifier>{679e3cc7-44a9-4795-8751-fbc6a6ff0340}</UniqueIdentifier>
    </Filter>
    <Filter Include="Header Files\input">
      <UniqueIdentifier>{523d1543-2aad-4f36-8d48-1c6ad20976f1}</UniqueIdentifier>
    </Filter>
    <Filter Include="Source Files\input">
      <UniqueIdentifier>{14ac66f1-961f-48b6-a306-f681fc87b63f}</UniqueIdentifier>
    </Filter>
    <Filter Include="Header Files\thread">
      <UniqueIdentifier>{32459001-d5e2-4b06-a315-577e76a0f96c}</UniqueIdentifier>
    </Filter>
    <Filter Include="Source Files\thread">
      <UniqueIdentifier>{edf9e426-afc1-4b6d-90f8-3d0d506e85d8}</UniqueIdentifier>
    </Filter>
    <Filter Include="Header Files\logging">
      <UniqueIdentifier>{b10faedb-f018-43e9-8fb5-162661941ad9}</UniqueIdentifier>
    </Filter>
    <Filter Include="Source Files\logging">
      <UniqueIdentifier>{89910545-7cf9-4740-80db-e2dc5b2f12cc}</UniqueIdentifier>
    </Filter>
    <Filter Include="Header Files\math">
      <UniqueIdentifier>{931bc5aa-30e3-44f2-a189-59ed1f356de9}</UniqueIdentifier>
    </Filter>
    <Filter Include="Source Files\math">
      <UniqueIdentifier>{ea6bc59a-e67e-4660-8324-0351b11119ce}</UniqueIdentifier>
    </Filter>
    <Filter Include="Header Files\memory">
      <UniqueIdentifier>{5989e6cb-5a1c-4af2-9531-50ea8dffed10}</UniqueIdentifier>
    </Filter>
    <Filter Include="Source Files\memory">
      <UniqueIdentifier>{87a9a840-be02-4e54-a91d-d7d5aabecf01}</UniqueIdentifier>
    </Filter>
    <Filter Include="Header Files\network">
      <UniqueIdentifier>{9f64ec13-7049-4bbb-a34a-93d05b744029}</UniqueIdentifier>
    </Filter>
    <Filter Include="Source Files\network">
      <UniqueIdentifier>{925621ff-0a51-40b9-9fc5-0ae877aa7b5d}</UniqueIdentifier>
    </Filter>
  </ItemGroup>
  <ItemGroup>
    <ClCompile Include="source\Window.cpp">
      <Filter>Source Files</Filter>
    </ClCompile>
    <ClCompile Include="source\input\Queue.cpp">
      <Filter>Source Files\input</Filter>
    </ClCompile>
    <ClCompile Include="source\thread\Mutex.c">
      <Filter>Source Files\thread</Filter>
    </ClCompile>
    <ClCompile Include="source\thread\MutexLock.cpp">
      <Filter>Source Files\thread</Filter>
    </ClCompile>
    <ClCompile Include="source\thread\ThreadId.c">
      <Filter>Source Files\thread</Filter>
    </ClCompile>
    <ClCompile Include="source\Engine.cpp">
      <Filter>Source Files</Filter>
    </ClCompile>
    <ClCompile Include="source\logging\Logger.cpp">
      <Filter>Source Files\logging</Filter>
    </ClCompile>
    <ClCompile Include="source\thread\Thread.cpp">
      <Filter>Source Files\thread</Filter>
    </ClCompile>
    <ClCompile Include="source\dependency\SDL.cpp">
      <Filter>Source Files\dependency</Filter>
    </ClCompile>
    <ClCompile Include="source\math\Vector.cpp">
      <Filter>Source Files\math</Filter>
    </ClCompile>
    <ClCompile Include="source\input\InputWatcher.cpp">
      <Filter>Source Files\input</Filter>
    </ClCompile>
    <ClCompile Include="source\memory\alloc.cpp">
      <Filter>Source Files\memory</Filter>
    </ClCompile>
    <ClCompile Include="source\memory\MemoryManager.c">
      <Filter>Source Files\memory</Filter>
    </ClCompile>
    <ClCompile Include="source\memory\Pool.c">
      <Filter>Source Files\memory</Filter>
    </ClCompile>
    <ClCompile Include="source\network\NetworkInterface.cpp">
      <Filter>Source Files\network</Filter>
    </ClCompile>
    <ClCompile Include="source\network\PacketQueue.cpp">
      <Filter>Source Files\network</Filter>
    </ClCompile>
    <ClCompile Include="source\network\Packet.cpp">
      <Filter>Source Files\network</Filter>
    </ClCompile>
    <ClCompile Include="source\network\Event.cpp">
      <Filter>Source Files\network</Filter>
    </ClCompile>
    <ClCompile Include="source\network\PacketExecutorRegistry.cpp">
      <Filter>Source Files\network</Filter>
    </ClCompile>
    <ClCompile Include="source\network\NetworkService.cpp">
      <Filter>Source Files\network</Filter>
    </ClCompile>
    <ClCompile Include="source\network\ServiceClient.cpp">
      <Filter>Source Files\network</Filter>
    </ClCompile>
    <ClCompile Include="source\network\ServiceServer.cpp">
      <Filter>Source Files\network</Filter>
    </ClCompile>
    <ClCompile Include="source\dependency\Module.cpp">
      <Filter>Source Files\dependency</Filter>
    </ClCompile>
  </ItemGroup>
  <ItemGroup>
    <ClInclude Include="include\types\arch.h">
      <Filter>Header Files\types</Filter>
    </ClInclude>
    <ClInclude Include="include\types\integer.h">
      <Filter>Header Files\types</Filter>
    </ClInclude>
    <ClInclude Include="include\thread\Mutex.h">
      <Filter>Header Files\thread</Filter>
    </ClInclude>
    <ClInclude Include="include\thread\MutexLock.hpp">
      <Filter>Header Files\thread</Filter>
    </ClInclude>
    <ClInclude Include="include\thread\ThreadId.h">
      <Filter>Header Files\thread</Filter>
    </ClInclude>
    <ClInclude Include="include\Engine.hpp">
      <Filter>Header Files</Filter>
    </ClInclude>
    <ClInclude Include="include\logging\Logger.hpp">
      <Filter>Header Files\logging</Filter>
    </ClInclude>
    <ClInclude Include="include\thread\Thread.hpp">
      <Filter>Header Files\thread</Filter>
    </ClInclude>
    <ClInclude Include="include\input\Queue.hpp">
      <Filter>Header Files\input</Filter>
    </ClInclude>
    <ClInclude Include="include\input\Event.hpp">
      <Filter>Header Files\input</Filter>
    </ClInclude>
    <ClInclude Include="include\input\Key.hpp">
      <Filter>Header Files\input</Filter>
    </ClInclude>
    <ClInclude Include="include\input\Joystick.hpp">
      <Filter>Header Files\input</Filter>
    </ClInclude>
    <ClInclude Include="include\input\Mouse.hpp">
      <Filter>Header Files\input</Filter>
    </ClInclude>
    <ClInclude Include="include\input\Action.hpp">
      <Filter>Header Files\input</Filter>
    </ClInclude>
    <ClInclude Include="include\Api.h">
      <Filter>Header Files</Filter>
    </ClInclude>
    <ClInclude Include="include\Window.hpp">
      <Filter>Header Files</Filter>
    </ClInclude>
    <ClInclude Include="include\dependency\SDL.hpp">
      <Filter>Header Files\dependency</Filter>
    </ClInclude>
    <ClInclude Include="include\types\real.h">
      <Filter>Header Files\types</Filter>
    </ClInclude>
    <ClInclude Include="include\input\InputWatcher.hpp">
      <Filter>Header Files\input</Filter>
    </ClInclude>
    <ClInclude Include="include\memory\alloc.h">
      <Filter>Header Files\memory</Filter>
    </ClInclude>
    <ClInclude Include="include\memory\MemoryManager.h">
      <Filter>Header Files\memory</Filter>
    </ClInclude>
    <ClInclude Include="include\memory\Pool.h">
      <Filter>Header Files\memory</Filter>
    </ClInclude>
    <ClInclude Include="include\math\compare.h">
      <Filter>Header Files\math</Filter>
    </ClInclude>
    <ClInclude Include="include\network\NetworkInterface.hpp">
      <Filter>Header Files\network</Filter>
    </ClInclude>
    <ClInclude Include="include\network\RakNet.hpp">
      <Filter>Header Files\network</Filter>
    </ClInclude>
    <ClInclude Include="include\network\Packet.hpp">
      <Filter>Header Files\network</Filter>
    </ClInclude>
    <ClInclude Include="include\network\PacketQueue.hpp">
      <Filter>Header Files\network</Filter>
    </ClInclude>
    <ClInclude Include="include\network\Event.hpp">
      <Filter>Header Files\network</Filter>
    </ClInclude>
    <ClInclude Include="include\math\Vector.hpp">
      <Filter>Header Files\math</Filter>
    </ClInclude>
    <ClInclude Include="include\network\PacketExecutorRegistry.hpp">
      <Filter>Header Files\network</Filter>
    </ClInclude>
    <ClInclude Include="include\network\PacketType.hpp">
      <Filter>Header Files\network</Filter>
    </ClInclude>
    <ClInclude Include="include\network\NetworkService.hpp">
      <Filter>Header Files\network</Filter>
    </ClInclude>
    <ClInclude Include="include\network\ServiceClient.hpp">
      <Filter>Header Files\network</Filter>
    </ClInclude>
    <ClInclude Include="include\network\ServiceServer.hpp">
      <Filter>Header Files\network</Filter>
    </ClInclude>
    <ClInclude Include="include\TemportalEnginePCH.hpp">
      <Filter>Header Files</Filter>
    </ClInclude>
    <ClInclude Include="include\Namespace.hpp">
      <Filter>Header Files</Filter>
    </ClInclude>
    <ClInclude Include="include\math\VectorType.hpp">
      <Filter>Header Files\math</Filter>
    </ClInclude>
    <ClInclude Include="include\dependency\Module.hpp">
      <Filter>Header Files\dependency</Filter>
    </ClInclude>
  </ItemGroup>
</Project>